// !$*UTF8*$!
{
	archiveVersion = 1;
	classes = {
	};
	objectVersion = 46;
	objects = {

/* Begin PBXBuildFile section */
		1E06EDB81DD015CD008491C2 /* main.m in Sources */ = {isa = PBXBuildFile; fileRef = 1E06EDB71DD015CD008491C2 /* main.m */; };
		1E06EDBB1DD015CD008491C2 /* AppDelegate.m in Sources */ = {isa = PBXBuildFile; fileRef = 1E06EDBA1DD015CD008491C2 /* AppDelegate.m */; };
		1E06EDBE1DD015CD008491C2 /* ViewController.m in Sources */ = {isa = PBXBuildFile; fileRef = 1E06EDBD1DD015CD008491C2 /* ViewController.m */; };
		1E06EDC11DD015CD008491C2 /* Main.storyboard in Resources */ = {isa = PBXBuildFile; fileRef = 1E06EDBF1DD015CD008491C2 /* Main.storyboard */; };
		1E06EDC31DD015CD008491C2 /* Assets.xcassets in Resources */ = {isa = PBXBuildFile; fileRef = 1E06EDC21DD015CD008491C2 /* Assets.xcassets */; };
		1E06EDC61DD015CD008491C2 /* LaunchScreen.storyboard in Resources */ = {isa = PBXBuildFile; fileRef = 1E06EDC41DD015CD008491C2 /* LaunchScreen.storyboard */; };
		1E06EDD11DD015CD008491C2 /* TxtReaderUITests.m in Sources */ = {isa = PBXBuildFile; fileRef = 1E06EDD01DD015CD008491C2 /* TxtReaderUITests.m */; };
		1E06EDDD1DD0162A008491C2 /* TxtPageViewController.m in Sources */ = {isa = PBXBuildFile; fileRef = 1E06EDDC1DD01629008491C2 /* TxtPageViewController.m */; };
		1E06EDE01DD0174D008491C2 /* TxtViewController.m in Sources */ = {isa = PBXBuildFile; fileRef = 1E06EDDF1DD0174D008491C2 /* TxtViewController.m */; };
		1E06EDFB1DD0196A008491C2 /* MASCompositeConstraint.m in Sources */ = {isa = PBXBuildFile; fileRef = 1E06EDE31DD0196A008491C2 /* MASCompositeConstraint.m */; };
		1E06EDFC1DD0196A008491C2 /* MASConstraint.m in Sources */ = {isa = PBXBuildFile; fileRef = 1E06EDE61DD0196A008491C2 /* MASConstraint.m */; };
		1E06EDFD1DD0196A008491C2 /* MASConstraintMaker.m in Sources */ = {isa = PBXBuildFile; fileRef = 1E06EDE81DD0196A008491C2 /* MASConstraintMaker.m */; };
		1E06EDFE1DD0196A008491C2 /* MASLayoutConstraint.m in Sources */ = {isa = PBXBuildFile; fileRef = 1E06EDEA1DD0196A008491C2 /* MASLayoutConstraint.m */; };
		1E06EDFF1DD0196A008491C2 /* MASViewAttribute.m in Sources */ = {isa = PBXBuildFile; fileRef = 1E06EDEE1DD0196A008491C2 /* MASViewAttribute.m */; };
		1E06EE001DD0196A008491C2 /* MASViewConstraint.m in Sources */ = {isa = PBXBuildFile; fileRef = 1E06EDF01DD0196A008491C2 /* MASViewConstraint.m */; };
		1E06EE011DD0196A008491C2 /* NSArray+MASAdditions.m in Sources */ = {isa = PBXBuildFile; fileRef = 1E06EDF21DD0196A008491C2 /* NSArray+MASAdditions.m */; };
		1E06EE021DD0196A008491C2 /* NSLayoutConstraint+MASDebugAdditions.m in Sources */ = {isa = PBXBuildFile; fileRef = 1E06EDF51DD0196A008491C2 /* NSLayoutConstraint+MASDebugAdditions.m */; };
		1E06EE031DD0196A008491C2 /* View+MASAdditions.m in Sources */ = {isa = PBXBuildFile; fileRef = 1E06EDF71DD0196A008491C2 /* View+MASAdditions.m */; };
		1E06EE041DD0196A008491C2 /* ViewController+MASAdditions.m in Sources */ = {isa = PBXBuildFile; fileRef = 1E06EDFA1DD0196A008491C2 /* ViewController+MASAdditions.m */; };
		1E06EE071DD01C46008491C2 /* TxtAnalyse.m in Sources */ = {isa = PBXBuildFile; fileRef = 1E06EE061DD01C46008491C2 /* TxtAnalyse.m */; };
		1E06EE091DD05168008491C2 /* mdjyml.txt in Resources */ = {isa = PBXBuildFile; fileRef = 1E06EE081DD05168008491C2 /* mdjyml.txt */; };
/* End PBXBuildFile section */

/* Begin PBXContainerItemProxy section */
		1E06EDCD1DD015CD008491C2 /* PBXContainerItemProxy */ = {
			isa = PBXContainerItemProxy;
			containerPortal = 1E06EDAB1DD015CD008491C2 /* Project object */;
			proxyType = 1;
			remoteGlobalIDString = 1E06EDB21DD015CD008491C2;
			remoteInfo = TxtReader;
		};
/* End PBXContainerItemProxy section */

/* Begin PBXFileReference section */
		1E06EDB31DD015CD008491C2 /* TxtReader.app */ = {isa = PBXFileReference; explicitFileType = wrapper.application; includeInIndex = 0; path = TxtReader.app; sourceTree = BUILT_PRODUCTS_DIR; };
		1E06EDB71DD015CD008491C2 /* main.m */ = {isa = PBXFileReference; lastKnownFileType = sourcecode.c.objc; path = main.m; sourceTree = "<group>"; };
		1E06EDB91DD015CD008491C2 /* AppDelegate.h */ = {isa = PBXFileReference; lastKnownFileType = sourcecode.c.h; path = AppDelegate.h; sourceTree = "<group>"; };
		1E06EDBA1DD015CD008491C2 /* AppDelegate.m */ = {isa = PBXFileReference; lastKnownFileType = sourcecode.c.objc; path = AppDelegate.m; sourceTree = "<group>"; };
		1E06EDBC1DD015CD008491C2 /* ViewController.h */ = {isa = PBXFileReference; lastKnownFileType = sourcecode.c.h; path = ViewController.h; sourceTree = "<group>"; };
		1E06EDBD1DD015CD008491C2 /* ViewController.m */ = {isa = PBXFileReference; lastKnownFileType = sourcecode.c.objc; path = ViewController.m; sourceTree = "<group>"; };
		1E06EDC01DD015CD008491C2 /* Base */ = {isa = PBXFileReference; lastKnownFileType = file.storyboard; name = Base; path = Base.lproj/Main.storyboard; sourceTree = "<group>"; };
		1E06EDC21DD015CD008491C2 /* Assets.xcassets */ = {isa = PBXFileReference; lastKnownFileType = folder.assetcatalog; path = Assets.xcassets; sourceTree = "<group>"; };
		1E06EDC51DD015CD008491C2 /* Base */ = {isa = PBXFileReference; lastKnownFileType = file.storyboard; name = Base; path = Base.lproj/LaunchScreen.storyboard; sourceTree = "<group>"; };
		1E06EDC71DD015CD008491C2 /* Info.plist */ = {isa = PBXFileReference; lastKnownFileType = text.plist.xml; path = Info.plist; sourceTree = "<group>"; };
		1E06EDCC1DD015CD008491C2 /* TxtReaderUITests.xctest */ = {isa = PBXFileReference; explicitFileType = wrapper.cfbundle; includeInIndex = 0; path = TxtReaderUITests.xctest; sourceTree = BUILT_PRODUCTS_DIR; };
		1E06EDD01DD015CD008491C2 /* TxtReaderUITests.m */ = {isa = PBXFileReference; lastKnownFileType = sourcecode.c.objc; path = TxtReaderUITests.m; sourceTree = "<group>"; };
		1E06EDD21DD015CD008491C2 /* Info.plist */ = {isa = PBXFileReference; lastKnownFileType = text.plist.xml; path = Info.plist; sourceTree = "<group>"; };
		1E06EDDB1DD01629008491C2 /* TxtPageViewController.h */ = {isa = PBXFileReference; fileEncoding = 4; lastKnownFileType = sourcecode.c.h; path = TxtPageViewController.h; sourceTree = "<group>"; };
		1E06EDDC1DD01629008491C2 /* TxtPageViewController.m */ = {isa = PBXFileReference; fileEncoding = 4; lastKnownFileType = sourcecode.c.objc; path = TxtPageViewController.m; sourceTree = "<group>"; };
		1E06EDDE1DD0174D008491C2 /* TxtViewController.h */ = {isa = PBXFileReference; fileEncoding = 4; lastKnownFileType = sourcecode.c.h; path = TxtViewController.h; sourceTree = "<group>"; };
		1E06EDDF1DD0174D008491C2 /* TxtViewController.m */ = {isa = PBXFileReference; fileEncoding = 4; lastKnownFileType = sourcecode.c.objc; path = TxtViewController.m; sourceTree = "<group>"; };
		1E06EDE21DD0196A008491C2 /* MASCompositeConstraint.h */ = {isa = PBXFileReference; fileEncoding = 4; lastKnownFileType = sourcecode.c.h; path = MASCompositeConstraint.h; sourceTree = "<group>"; };
		1E06EDE31DD0196A008491C2 /* MASCompositeConstraint.m */ = {isa = PBXFileReference; fileEncoding = 4; lastKnownFileType = sourcecode.c.objc; path = MASCompositeConstraint.m; sourceTree = "<group>"; };
		1E06EDE41DD0196A008491C2 /* MASConstraint+Private.h */ = {isa = PBXFileReference; fileEncoding = 4; lastKnownFileType = sourcecode.c.h; path = "MASConstraint+Private.h"; sourceTree = "<group>"; };
		1E06EDE51DD0196A008491C2 /* MASConstraint.h */ = {isa = PBXFileReference; fileEncoding = 4; lastKnownFileType = sourcecode.c.h; path = MASConstraint.h; sourceTree = "<group>"; };
		1E06EDE61DD0196A008491C2 /* MASConstraint.m */ = {isa = PBXFileReference; fileEncoding = 4; lastKnownFileType = sourcecode.c.objc; path = MASConstraint.m; sourceTree = "<group>"; };
		1E06EDE71DD0196A008491C2 /* MASConstraintMaker.h */ = {isa = PBXFileReference; fileEncoding = 4; lastKnownFileType = sourcecode.c.h; path = MASConstraintMaker.h; sourceTree = "<group>"; };
		1E06EDE81DD0196A008491C2 /* MASConstraintMaker.m */ = {isa = PBXFileReference; fileEncoding = 4; lastKnownFileType = sourcecode.c.objc; path = MASConstraintMaker.m; sourceTree = "<group>"; };
		1E06EDE91DD0196A008491C2 /* MASLayoutConstraint.h */ = {isa = PBXFileReference; fileEncoding = 4; lastKnownFileType = sourcecode.c.h; path = MASLayoutConstraint.h; sourceTree = "<group>"; };
		1E06EDEA1DD0196A008491C2 /* MASLayoutConstraint.m */ = {isa = PBXFileReference; fileEncoding = 4; lastKnownFileType = sourcecode.c.objc; path = MASLayoutConstraint.m; sourceTree = "<group>"; };
		1E06EDEB1DD0196A008491C2 /* Masonry.h */ = {isa = PBXFileReference; fileEncoding = 4; lastKnownFileType = sourcecode.c.h; path = Masonry.h; sourceTree = "<group>"; };
		1E06EDEC1DD0196A008491C2 /* MASUtilities.h */ = {isa = PBXFileReference; fileEncoding = 4; lastKnownFileType = sourcecode.c.h; path = MASUtilities.h; sourceTree = "<group>"; };
		1E06EDED1DD0196A008491C2 /* MASViewAttribute.h */ = {isa = PBXFileReference; fileEncoding = 4; lastKnownFileType = sourcecode.c.h; path = MASViewAttribute.h; sourceTree = "<group>"; };
		1E06EDEE1DD0196A008491C2 /* MASViewAttribute.m */ = {isa = PBXFileReference; fileEncoding = 4; lastKnownFileType = sourcecode.c.objc; path = MASViewAttribute.m; sourceTree = "<group>"; };
		1E06EDEF1DD0196A008491C2 /* MASViewConstraint.h */ = {isa = PBXFileReference; fileEncoding = 4; lastKnownFileType = sourcecode.c.h; path = MASViewConstraint.h; sourceTree = "<group>"; };
		1E06EDF01DD0196A008491C2 /* MASViewConstraint.m */ = {isa = PBXFileReference; fileEncoding = 4; lastKnownFileType = sourcecode.c.objc; path = MASViewConstraint.m; sourceTree = "<group>"; };
		1E06EDF11DD0196A008491C2 /* NSArray+MASAdditions.h */ = {isa = PBXFileReference; fileEncoding = 4; lastKnownFileType = sourcecode.c.h; path = "NSArray+MASAdditions.h"; sourceTree = "<group>"; };
		1E06EDF21DD0196A008491C2 /* NSArray+MASAdditions.m */ = {isa = PBXFileReference; fileEncoding = 4; lastKnownFileType = sourcecode.c.objc; path = "NSArray+MASAdditions.m"; sourceTree = "<group>"; };
		1E06EDF31DD0196A008491C2 /* NSArray+MASShorthandAdditions.h */ = {isa = PBXFileReference; fileEncoding = 4; lastKnownFileType = sourcecode.c.h; path = "NSArray+MASShorthandAdditions.h"; sourceTree = "<group>"; };
		1E06EDF41DD0196A008491C2 /* NSLayoutConstraint+MASDebugAdditions.h */ = {isa = PBXFileReference; fileEncoding = 4; lastKnownFileType = sourcecode.c.h; path = "NSLayoutConstraint+MASDebugAdditions.h"; sourceTree = "<group>"; };
		1E06EDF51DD0196A008491C2 /* NSLayoutConstraint+MASDebugAdditions.m */ = {isa = PBXFileReference; fileEncoding = 4; lastKnownFileType = sourcecode.c.objc; path = "NSLayoutConstraint+MASDebugAdditions.m"; sourceTree = "<group>"; };
		1E06EDF61DD0196A008491C2 /* View+MASAdditions.h */ = {isa = PBXFileReference; fileEncoding = 4; lastKnownFileType = sourcecode.c.h; path = "View+MASAdditions.h"; sourceTree = "<group>"; };
		1E06EDF71DD0196A008491C2 /* View+MASAdditions.m */ = {isa = PBXFileReference; fileEncoding = 4; lastKnownFileType = sourcecode.c.objc; path = "View+MASAdditions.m"; sourceTree = "<group>"; };
		1E06EDF81DD0196A008491C2 /* View+MASShorthandAdditions.h */ = {isa = PBXFileReference; fileEncoding = 4; lastKnownFileType = sourcecode.c.h; path = "View+MASShorthandAdditions.h"; sourceTree = "<group>"; };
		1E06EDF91DD0196A008491C2 /* ViewController+MASAdditions.h */ = {isa = PBXFileReference; fileEncoding = 4; lastKnownFileType = sourcecode.c.h; path = "ViewController+MASAdditions.h"; sourceTree = "<group>"; };
		1E06EDFA1DD0196A008491C2 /* ViewController+MASAdditions.m */ = {isa = PBXFileReference; fileEncoding = 4; lastKnownFileType = sourcecode.c.objc; path = "ViewController+MASAdditions.m"; sourceTree = "<group>"; };
		1E06EE051DD01C46008491C2 /* TxtAnalyse.h */ = {isa = PBXFileReference; fileEncoding = 4; lastKnownFileType = sourcecode.c.h; path = TxtAnalyse.h; sourceTree = "<group>"; };
		1E06EE061DD01C46008491C2 /* TxtAnalyse.m */ = {isa = PBXFileReference; fileEncoding = 4; lastKnownFileType = sourcecode.c.objc; path = TxtAnalyse.m; sourceTree = "<group>"; };
		1E06EE081DD05168008491C2 /* mdjyml.txt */ = {isa = PBXFileReference; fileEncoding = 4; lastKnownFileType = text; path = mdjyml.txt; sourceTree = "<group>"; };
/* End PBXFileReference section */

/* Begin PBXFrameworksBuildPhase section */
		1E06EDB01DD015CD008491C2 /* Frameworks */ = {
			isa = PBXFrameworksBuildPhase;
			buildActionMask = 2147483647;
			files = (
			);
			runOnlyForDeploymentPostprocessing = 0;
		};
		1E06EDC91DD015CD008491C2 /* Frameworks */ = {
			isa = PBXFrameworksBuildPhase;
			buildActionMask = 2147483647;
			files = (
			);
			runOnlyForDeploymentPostprocessing = 0;
		};
/* End PBXFrameworksBuildPhase section */

/* Begin PBXGroup section */
		1E06EDAA1DD015CD008491C2 = {
			isa = PBXGroup;
			children = (
				1E06EDB51DD015CD008491C2 /* TxtReader */,
				1E06EDCF1DD015CD008491C2 /* TxtReaderUITests */,
				1E06EDB41DD015CD008491C2 /* Products */,
			);
			sourceTree = "<group>";
		};
		1E06EDB41DD015CD008491C2 /* Products */ = {
			isa = PBXGroup;
			children = (
				1E06EDB31DD015CD008491C2 /* TxtReader.app */,
				1E06EDCC1DD015CD008491C2 /* TxtReaderUITests.xctest */,
			);
			name = Products;
			sourceTree = "<group>";
		};
		1E06EDB51DD015CD008491C2 /* TxtReader */ = {
			isa = PBXGroup;
			children = (
				1E06EE081DD05168008491C2 /* mdjyml.txt */,
				1E06EDE11DD0196A008491C2 /* Masonry */,
				1E06EDDB1DD01629008491C2 /* TxtPageViewController.h */,
				1E06EDDC1DD01629008491C2 /* TxtPageViewController.m */,
				1E06EDDE1DD0174D008491C2 /* TxtViewController.h */,
				1E06EDDF1DD0174D008491C2 /* TxtViewController.m */,
				1E06EE051DD01C46008491C2 /* TxtAnalyse.h */,
				1E06EE061DD01C46008491C2 /* TxtAnalyse.m */,
				1E06EDB91DD015CD008491C2 /* AppDelegate.h */,
				1E06EDBA1DD015CD008491C2 /* AppDelegate.m */,
				1E06EDBC1DD015CD008491C2 /* ViewController.h */,
				1E06EDBD1DD015CD008491C2 /* ViewController.m */,
				1E06EDBF1DD015CD008491C2 /* Main.storyboard */,
				1E06EDC21DD015CD008491C2 /* Assets.xcassets */,
				1E06EDC41DD015CD008491C2 /* LaunchScreen.storyboard */,
				1E06EDC71DD015CD008491C2 /* Info.plist */,
				1E06EDB61DD015CD008491C2 /* Supporting Files */,
			);
			path = TxtReader;
			sourceTree = "<group>";
		};
		1E06EDB61DD015CD008491C2 /* Supporting Files */ = {
			isa = PBXGroup;
			children = (
				1E06EDB71DD015CD008491C2 /* main.m */,
			);
			name = "Supporting Files";
			sourceTree = "<group>";
		};
		1E06EDCF1DD015CD008491C2 /* TxtReaderUITests */ = {
			isa = PBXGroup;
			children = (
				1E06EDD01DD015CD008491C2 /* TxtReaderUITests.m */,
				1E06EDD21DD015CD008491C2 /* Info.plist */,
			);
			path = TxtReaderUITests;
			sourceTree = "<group>";
		};
		1E06EDE11DD0196A008491C2 /* Masonry */ = {
			isa = PBXGroup;
			children = (
				1E06EDE21DD0196A008491C2 /* MASCompositeConstraint.h */,
				1E06EDE31DD0196A008491C2 /* MASCompositeConstraint.m */,
				1E06EDE41DD0196A008491C2 /* MASConstraint+Private.h */,
				1E06EDE51DD0196A008491C2 /* MASConstraint.h */,
				1E06EDE61DD0196A008491C2 /* MASConstraint.m */,
				1E06EDE71DD0196A008491C2 /* MASConstraintMaker.h */,
				1E06EDE81DD0196A008491C2 /* MASConstraintMaker.m */,
				1E06EDE91DD0196A008491C2 /* MASLayoutConstraint.h */,
				1E06EDEA1DD0196A008491C2 /* MASLayoutConstraint.m */,
				1E06EDEB1DD0196A008491C2 /* Masonry.h */,
				1E06EDEC1DD0196A008491C2 /* MASUtilities.h */,
				1E06EDED1DD0196A008491C2 /* MASViewAttribute.h */,
				1E06EDEE1DD0196A008491C2 /* MASViewAttribute.m */,
				1E06EDEF1DD0196A008491C2 /* MASViewConstraint.h */,
				1E06EDF01DD0196A008491C2 /* MASViewConstraint.m */,
				1E06EDF11DD0196A008491C2 /* NSArray+MASAdditions.h */,
				1E06EDF21DD0196A008491C2 /* NSArray+MASAdditions.m */,
				1E06EDF31DD0196A008491C2 /* NSArray+MASShorthandAdditions.h */,
				1E06EDF41DD0196A008491C2 /* NSLayoutConstraint+MASDebugAdditions.h */,
				1E06EDF51DD0196A008491C2 /* NSLayoutConstraint+MASDebugAdditions.m */,
				1E06EDF61DD0196A008491C2 /* View+MASAdditions.h */,
				1E06EDF71DD0196A008491C2 /* View+MASAdditions.m */,
				1E06EDF81DD0196A008491C2 /* View+MASShorthandAdditions.h */,
				1E06EDF91DD0196A008491C2 /* ViewController+MASAdditions.h */,
				1E06EDFA1DD0196A008491C2 /* ViewController+MASAdditions.m */,
			);
			path = Masonry;
			sourceTree = "<group>";
		};
/* End PBXGroup section */

/* Begin PBXNativeTarget section */
		1E06EDB21DD015CD008491C2 /* TxtReader */ = {
			isa = PBXNativeTarget;
			buildConfigurationList = 1E06EDD51DD015CD008491C2 /* Build configuration list for PBXNativeTarget "TxtReader" */;
			buildPhases = (
				1E06EDAF1DD015CD008491C2 /* Sources */,
				1E06EDB01DD015CD008491C2 /* Frameworks */,
				1E06EDB11DD015CD008491C2 /* Resources */,
			);
			buildRules = (
			);
			dependencies = (
			);
			name = TxtReader;
			productName = TxtReader;
			productReference = 1E06EDB31DD015CD008491C2 /* TxtReader.app */;
			productType = "com.apple.product-type.application";
		};
		1E06EDCB1DD015CD008491C2 /* TxtReaderUITests */ = {
			isa = PBXNativeTarget;
			buildConfigurationList = 1E06EDD81DD015CD008491C2 /* Build configuration list for PBXNativeTarget "TxtReaderUITests" */;
			buildPhases = (
				1E06EDC81DD015CD008491C2 /* Sources */,
				1E06EDC91DD015CD008491C2 /* Frameworks */,
				1E06EDCA1DD015CD008491C2 /* Resources */,
			);
			buildRules = (
			);
			dependencies = (
				1E06EDCE1DD015CD008491C2 /* PBXTargetDependency */,
			);
			name = TxtReaderUITests;
			productName = TxtReaderUITests;
			productReference = 1E06EDCC1DD015CD008491C2 /* TxtReaderUITests.xctest */;
			productType = "com.apple.product-type.bundle.ui-testing";
		};
/* End PBXNativeTarget section */

/* Begin PBXProject section */
		1E06EDAB1DD015CD008491C2 /* Project object */ = {
			isa = PBXProject;
			attributes = {
				LastUpgradeCheck = 0800;
				ORGANIZATIONNAME = WzxJiang;
				TargetAttributes = {
					1E06EDB21DD015CD008491C2 = {
						CreatedOnToolsVersion = 8.0;
						DevelopmentTeam = 475L2MZD72;
						ProvisioningStyle = Automatic;
					};
					1E06EDCB1DD015CD008491C2 = {
						CreatedOnToolsVersion = 8.0;
						DevelopmentTeam = 475L2MZD72;
						ProvisioningStyle = Automatic;
						TestTargetID = 1E06EDB21DD015CD008491C2;
					};
				};
			};
			buildConfigurationList = 1E06EDAE1DD015CD008491C2 /* Build configuration list for PBXProject "TxtReader" */;
			compatibilityVersion = "Xcode 3.2";
			developmentRegion = English;
			hasScannedForEncodings = 0;
			knownRegions = (
				en,
				Base,
			);
			mainGroup = 1E06EDAA1DD015CD008491C2;
			productRefGroup = 1E06EDB41DD015CD008491C2 /* Products */;
			projectDirPath = "";
			projectRoot = "";
			targets = (
				1E06EDB21DD015CD008491C2 /* TxtReader */,
				1E06EDCB1DD015CD008491C2 /* TxtReaderUITests */,
			);
		};
/* End PBXProject section */

/* Begin PBXResourcesBuildPhase section */
		1E06EDB11DD015CD008491C2 /* Resources */ = {
			isa = PBXResourcesBuildPhase;
			buildActionMask = 2147483647;
			files = (
				1E06EDC61DD015CD008491C2 /* LaunchScreen.storyboard in Resources */,
				1E06EE091DD05168008491C2 /* mdjyml.txt in Resources */,
				1E06EDC31DD015CD008491C2 /* Assets.xcassets in Resources */,
				1E06EDC11DD015CD008491C2 /* Main.storyboard in Resources */,
			);
			runOnlyForDeploymentPostprocessing = 0;
		};
		1E06EDCA1DD015CD008491C2 /* Resources */ = {
			isa = PBXResourcesBuildPhase;
			buildActionMask = 2147483647;
			files = (
			);
			runOnlyForDeploymentPostprocessing = 0;
		};
/* End PBXResourcesBuildPhase section */

/* Begin PBXSourcesBuildPhase section */
		1E06EDAF1DD015CD008491C2 /* Sources */ = {
			isa = PBXSourcesBuildPhase;
			buildActionMask = 2147483647;
			files = (
				1E06EE021DD0196A008491C2 /* NSLayoutConstraint+MASDebugAdditions.m in Sources */,
				1E06EDBE1DD015CD008491C2 /* ViewController.m in Sources */,
				1E06EE001DD0196A008491C2 /* MASViewConstraint.m in Sources */,
				1E06EDE01DD0174D008491C2 /* TxtViewController.m in Sources */,
				1E06EE071DD01C46008491C2 /* TxtAnalyse.m in Sources */,
				1E06EDBB1DD015CD008491C2 /* AppDelegate.m in Sources */,
				1E06EDDD1DD0162A008491C2 /* TxtPageViewController.m in Sources */,
				1E06EE031DD0196A008491C2 /* View+MASAdditions.m in Sources */,
				1E06EDFB1DD0196A008491C2 /* MASCompositeConstraint.m in Sources */,
				1E06EDFF1DD0196A008491C2 /* MASViewAttribute.m in Sources */,
				1E06EDFD1DD0196A008491C2 /* MASConstraintMaker.m in Sources */,
				1E06EE011DD0196A008491C2 /* NSArray+MASAdditions.m in Sources */,
				1E06EE041DD0196A008491C2 /* ViewController+MASAdditions.m in Sources */,
				1E06EDFC1DD0196A008491C2 /* MASConstraint.m in Sources */,
				1E06EDFE1DD0196A008491C2 /* MASLayoutConstraint.m in Sources */,
				1E06EDB81DD015CD008491C2 /* main.m in Sources */,
			);
			runOnlyForDeploymentPostprocessing = 0;
		};
		1E06EDC81DD015CD008491C2 /* Sources */ = {
			isa = PBXSourcesBuildPhase;
			buildActionMask = 2147483647;
			files = (
				1E06EDD11DD015CD008491C2 /* TxtReaderUITests.m in Sources */,
			);
			runOnlyForDeploymentPostprocessing = 0;
		};
/* End PBXSourcesBuildPhase section */

/* Begin PBXTargetDependency section */
		1E06EDCE1DD015CD008491C2 /* PBXTargetDependency */ = {
			isa = PBXTargetDependency;
			target = 1E06EDB21DD015CD008491C2 /* TxtReader */;
			targetProxy = 1E06EDCD1DD015CD008491C2 /* PBXContainerItemProxy */;
		};
/* End PBXTargetDependency section */

/* Begin PBXVariantGroup section */
		1E06EDBF1DD015CD008491C2 /* Main.storyboard */ = {
			isa = PBXVariantGroup;
			children = (
				1E06EDC01DD015CD008491C2 /* Base */,
			);
			name = Main.storyboard;
			sourceTree = "<group>";
		};
		1E06EDC41DD015CD008491C2 /* LaunchScreen.storyboard */ = {
			isa = PBXVariantGroup;
			children = (
				1E06EDC51DD015CD008491C2 /* Base */,
			);
			name = LaunchScreen.storyboard;
			sourceTree = "<group>";
		};
/* End PBXVariantGroup section */

/* Begin XCBuildConfiguration section */
		1E06EDD31DD015CD008491C2 /* Debug */ = {
			isa = XCBuildConfiguration;
			buildSettings = {
				ALWAYS_SEARCH_USER_PATHS = NO;
				CLANG_ANALYZER_NONNULL = YES;
				CLANG_CXX_LANGUAGE_STANDARD = "gnu++0x";
				CLANG_CXX_LIBRARY = "libc++";
				CLANG_ENABLE_MODULES = YES;
				CLANG_ENABLE_OBJC_ARC = YES;
				CLANG_WARN_BOOL_CONVERSION = YES;
				CLANG_WARN_CONSTANT_CONVERSION = YES;
				CLANG_WARN_DIRECT_OBJC_ISA_USAGE = YES_ERROR;
				CLANG_WARN_DOCUMENTATION_COMMENTS = YES;
				CLANG_WARN_EMPTY_BODY = YES;
				CLANG_WARN_ENUM_CONVERSION = YES;
				CLANG_WARN_INFINITE_RECURSION = YES;
				CLANG_WARN_INT_CONVERSION = YES;
				CLANG_WARN_OBJC_ROOT_CLASS = YES_ERROR;
				CLANG_WARN_SUSPICIOUS_MOVES = YES;
				CLANG_WARN_UNREACHABLE_CODE = YES;
				CLANG_WARN__DUPLICATE_METHOD_MATCH = YES;
				"CODE_SIGN_IDENTITY[sdk=iphoneos*]" = "iPhone Developer";
				COPY_PHASE_STRIP = NO;
				DEBUG_INFORMATION_FORMAT = dwarf;
				ENABLE_STRICT_OBJC_MSGSEND = YES;
				ENABLE_TESTABILITY = YES;
				GCC_C_LANGUAGE_STANDARD = gnu99;
				GCC_DYNAMIC_NO_PIC = NO;
				GCC_NO_COMMON_BLOCKS = YES;
				GCC_OPTIMIZATION_LEVEL = 0;
				GCC_PREPROCESSOR_DEFINITIONS = (
					"DEBUG=1",
					"$(inherited)",
				);
				GCC_WARN_64_TO_32_BIT_CONVERSION = YES;
				GCC_WARN_ABOUT_RETURN_TYPE = YES_ERROR;
				GCC_WARN_UNDECLARED_SELECTOR = YES;
				GCC_WARN_UNINITIALIZED_AUTOS = YES_AGGRESSIVE;
				GCC_WARN_UNUSED_FUNCTION = YES;
				GCC_WARN_UNUSED_VARIABLE = YES;
				IPHONEOS_DEPLOYMENT_TARGET = 10.0;
				MTL_ENABLE_DEBUG_INFO = YES;
				ONLY_ACTIVE_ARCH = YES;
				SDKROOT = iphoneos;
			};
			name = Debug;
		};
		1E06EDD41DD015CD008491C2 /* Release */ = {
			isa = XCBuildConfiguration;
			buildSettings = {
				ALWAYS_SEARCH_USER_PATHS = NO;
				CLANG_ANALYZER_NONNULL = YES;
				CLANG_CXX_LANGUAGE_STANDARD = "gnu++0x";
				CLANG_CXX_LIBRARY = "libc++";
				CLANG_ENABLE_MODULES = YES;
				CLANG_ENABLE_OBJC_ARC = YES;
				CLANG_WARN_BOOL_CONVERSION = YES;
				CLANG_WARN_CONSTANT_CONVERSION = YES;
				CLANG_WARN_DIRECT_OBJC_ISA_USAGE = YES_ERROR;
				CLANG_WARN_DOCUMENTATION_COMMENTS = YES;
				CLANG_WARN_EMPTY_BODY = YES;
				CLANG_WARN_ENUM_CONVERSION = YES;
				CLANG_WARN_INFINITE_RECURSION = YES;
				CLANG_WARN_INT_CONVERSION = YES;
				CLANG_WARN_OBJC_ROOT_CLASS = YES_ERROR;
				CLANG_WARN_SUSPICIOUS_MOVES = YES;
				CLANG_WARN_UNREACHABLE_CODE = YES;
				CLANG_WARN__DUPLICATE_METHOD_MATCH = YES;
				"CODE_SIGN_IDENTITY[sdk=iphoneos*]" = "iPhone Developer";
				COPY_PHASE_STRIP = NO;
				DEBUG_INFORMATION_FORMAT = "dwarf-with-dsym";
				ENABLE_NS_ASSERTIONS = NO;
				ENABLE_STRICT_OBJC_MSGSEND = YES;
				GCC_C_LANGUAGE_STANDARD = gnu99;
				GCC_NO_COMMON_BLOCKS = YES;
				GCC_WARN_64_TO_32_BIT_CONVERSION = YES;
				GCC_WARN_ABOUT_RETURN_TYPE = YES_ERROR;
				GCC_WARN_UNDECLARED_SELECTOR = YES;
				GCC_WARN_UNINITIALIZED_AUTOS = YES_AGGRESSIVE;
				GCC_WARN_UNUSED_FUNCTION = YES;
				GCC_WARN_UNUSED_VARIABLE = YES;
				IPHONEOS_DEPLOYMENT_TARGET = 10.0;
				MTL_ENABLE_DEBUG_INFO = NO;
				SDKROOT = iphoneos;
				VALIDATE_PRODUCT = YES;
			};
			name = Release;
		};
		1E06EDD61DD015CD008491C2 /* Debug */ = {
			isa = XCBuildConfiguration;
			buildSettings = {
				ASSETCATALOG_COMPILER_APPICON_NAME = AppIcon;
				DEVELOPMENT_TEAM = 475L2MZD72;
				INFOPLIST_FILE = TxtReader/Info.plist;
				IPHONEOS_DEPLOYMENT_TARGET = 8.0;
				LD_RUNPATH_SEARCH_PATHS = "$(inherited) @executable_path/Frameworks";
				PRODUCT_BUNDLE_IDENTIFIER = com.wzxjiang.TxtReader;
				PRODUCT_NAME = "$(TARGET_NAME)";
			};
			name = Debug;
		};
		1E06EDD71DD015CD008491C2 /* Release */ = {
			isa = XCBuildConfiguration;
			buildSettings = {
				ASSETCATALOG_COMPILER_APPICON_NAME = AppIcon;
				DEVELOPMENT_TEAM = 475L2MZD72;
				INFOPLIST_FILE = TxtReader/Info.plist;
				IPHONEOS_DEPLOYMENT_TARGET = 8.0;
				LD_RUNPATH_SEARCH_PATHS = "$(inherited) @executable_path/Frameworks";
				PRODUCT_BUNDLE_IDENTIFIER = com.wzxjiang.TxtReader;
				PRODUCT_NAME = "$(TARGET_NAME)";
			};
			name = Release;
		};
		1E06EDD91DD015CD008491C2 /* Debug */ = {
			isa = XCBuildConfiguration;
			buildSettings = {
				DEVELOPMENT_TEAM = 475L2MZD72;
				INFOPLIST_FILE = TxtReaderUITests/Info.plist;
				LD_RUNPATH_SEARCH_PATHS = "$(inherited) @executable_path/Frameworks @loader_path/Frameworks";
				PRODUCT_BUNDLE_IDENTIFIER = com.wzxjiang.TxtReaderUITests;
				PRODUCT_NAME = "$(TARGET_NAME)";
				TEST_TARGET_NAME = TxtReader;
			};
			name = Debug;
		};
		1E06EDDA1DD015CD008491C2 /* Release */ = {
			isa = XCBuildConfiguration;
			buildSettings = {
				DEVELOPMENT_TEAM = 475L2MZD72;
				INFOPLIST_FILE = TxtReaderUITests/Info.plist;
				LD_RUNPATH_SEARCH_PATHS = "$(inherited) @executable_path/Frameworks @loader_path/Frameworks";
				PRODUCT_BUNDLE_IDENTIFIER = com.wzxjiang.TxtReaderUITests;
				PRODUCT_NAME = "$(TARGET_NAME)";
				TEST_TARGET_NAME = TxtReader;
			};
			name = Release;
		};
/* End XCBuildConfiguration section */

/* Begin XCConfigurationList section */
		1E06EDAE1DD015CD008491C2 /* Build configuration list for PBXProject "TxtReader" */ = {
			isa = XCConfigurationList;
			buildConfigurations = (
				1E06EDD31DD015CD008491C2 /* Debug */,
				1E06EDD41DD015CD008491C2 /* Release */,
			);
			defaultConfigurationIsVisible = 0;
			defaultConfigurationName = Release;
		};
		1E06EDD51DD015CD008491C2 /* Build configuration list for PBXNativeTarget "TxtReader" */ = {
			isa = XCConfigurationList;
			buildConfigurations = (
				1E06EDD61DD015CD008491C2 /* Debug */,
				1E06EDD71DD015CD008491C2 /* Release */,
			);
			defaultConfigurationIsVisible = 0;
		};
		1E06EDD81DD015CD008491C2 /* Build configuration list for PBXNativeTarget "TxtReaderUITests" */ = {
			isa = XCConfigurationList;
			buildConfigurations = (
				1E06EDD91DD015CD008491C2 /* Debug */,
				1E06EDDA1DD015CD008491C2 /* Release */,
			);
			defaultConfigurationIsVisible = 0;
		};
/* End XCConfigurationList section */
	};
	rootObject = 1E06EDAB1DD015CD008491C2 /* Project object */;
}
