// !$*UTF8*$!
{
	archiveVersion = 1;
	classes = {
	};
	objectVersion = 46;
	objects = {

/* Begin PBXBuildFile section */
		1EDD43C61DD179D80012517E /* main.m in Sources */ = {isa = PBXBuildFile; fileRef = 1EDD43C51DD179D80012517E /* main.m */; };
		1EDD43C91DD179D80012517E /* AppDelegate.m in Sources */ = {isa = PBXBuildFile; fileRef = 1EDD43C81DD179D80012517E /* AppDelegate.m */; };
		1EDD43CF1DD179D80012517E /* Main.storyboard in Resources */ = {isa = PBXBuildFile; fileRef = 1EDD43CD1DD179D80012517E /* Main.storyboard */; };
		1EDD43D11DD179D80012517E /* Assets.xcassets in Resources */ = {isa = PBXBuildFile; fileRef = 1EDD43D01DD179D80012517E /* Assets.xcassets */; };
		1EDD43D41DD179D80012517E /* LaunchScreen.storyboard in Resources */ = {isa = PBXBuildFile; fileRef = 1EDD43D21DD179D80012517E /* LaunchScreen.storyboard */; };
		1EDD43DF1DD179D80012517E /* ExampleUITests.m in Sources */ = {isa = PBXBuildFile; fileRef = 1EDD43DE1DD179D80012517E /* ExampleUITests.m */; };
		1EDD44041DD17A250012517E /* MASCompositeConstraint.m in Sources */ = {isa = PBXBuildFile; fileRef = 1EDD43EC1DD17A250012517E /* MASCompositeConstraint.m */; };
		1EDD44051DD17A250012517E /* MASConstraint.m in Sources */ = {isa = PBXBuildFile; fileRef = 1EDD43EF1DD17A250012517E /* MASConstraint.m */; };
		1EDD44061DD17A250012517E /* MASConstraintMaker.m in Sources */ = {isa = PBXBuildFile; fileRef = 1EDD43F11DD17A250012517E /* MASConstraintMaker.m */; };
		1EDD44071DD17A250012517E /* MASLayoutConstraint.m in Sources */ = {isa = PBXBuildFile; fileRef = 1EDD43F31DD17A250012517E /* MASLayoutConstraint.m */; };
		1EDD44081DD17A250012517E /* MASViewAttribute.m in Sources */ = {isa = PBXBuildFile; fileRef = 1EDD43F71DD17A250012517E /* MASViewAttribute.m */; };
		1EDD44091DD17A250012517E /* MASViewConstraint.m in Sources */ = {isa = PBXBuildFile; fileRef = 1EDD43F91DD17A250012517E /* MASViewConstraint.m */; };
		1EDD440A1DD17A250012517E /* NSArray+MASAdditions.m in Sources */ = {isa = PBXBuildFile; fileRef = 1EDD43FB1DD17A250012517E /* NSArray+MASAdditions.m */; };
		1EDD440B1DD17A250012517E /* NSLayoutConstraint+MASDebugAdditions.m in Sources */ = {isa = PBXBuildFile; fileRef = 1EDD43FE1DD17A250012517E /* NSLayoutConstraint+MASDebugAdditions.m */; };
		1EDD440C1DD17A250012517E /* View+MASAdditions.m in Sources */ = {isa = PBXBuildFile; fileRef = 1EDD44001DD17A250012517E /* View+MASAdditions.m */; };
		1EDD440D1DD17A250012517E /* ViewController+MASAdditions.m in Sources */ = {isa = PBXBuildFile; fileRef = 1EDD44031DD17A250012517E /* ViewController+MASAdditions.m */; };
		1EDD44151DD17A2E0012517E /* WZXTxtAnalyse.m in Sources */ = {isa = PBXBuildFile; fileRef = 1EDD44101DD17A2E0012517E /* WZXTxtAnalyse.m */; };
		1EDD44161DD17A2E0012517E /* WZXTxtPageViewController.m in Sources */ = {isa = PBXBuildFile; fileRef = 1EDD44121DD17A2E0012517E /* WZXTxtPageViewController.m */; };
		1EDD44171DD17A2E0012517E /* WZXTxtViewController.m in Sources */ = {isa = PBXBuildFile; fileRef = 1EDD44141DD17A2E0012517E /* WZXTxtViewController.m */; };
		1EDD441A1DD17A550012517E /* mdjyml.txt in Resources */ = {isa = PBXBuildFile; fileRef = 1EDD44191DD17A550012517E /* mdjyml.txt */; };
		1EDD441C1DD17A760012517E /* ViewController.m in Sources */ = {isa = PBXBuildFile; fileRef = 1EDD441B1DD17A760012517E /* ViewController.m */; };
/* End PBXBuildFile section */

/* Begin PBXContainerItemProxy section */
		1EDD43DB1DD179D80012517E /* PBXContainerItemProxy */ = {
			isa = PBXContainerItemProxy;
			containerPortal = 1EDD43B91DD179D80012517E /* Project object */;
			proxyType = 1;
			remoteGlobalIDString = 1EDD43C01DD179D80012517E;
			remoteInfo = Example;
		};
/* End PBXContainerItemProxy section */

/* Begin PBXFileReference section */
		1EDD43C11DD179D80012517E /* Example.app */ = {isa = PBXFileReference; explicitFileType = wrapper.application; includeInIndex = 0; path = Example.app; sourceTree = BUILT_PRODUCTS_DIR; };
		1EDD43C51DD179D80012517E /* main.m */ = {isa = PBXFileReference; lastKnownFileType = sourcecode.c.objc; path = main.m; sourceTree = "<group>"; };
		1EDD43C71DD179D80012517E /* AppDelegate.h */ = {isa = PBXFileReference; lastKnownFileType = sourcecode.c.h; path = AppDelegate.h; sourceTree = "<group>"; };
		1EDD43C81DD179D80012517E /* AppDelegate.m */ = {isa = PBXFileReference; lastKnownFileType = sourcecode.c.objc; path = AppDelegate.m; sourceTree = "<group>"; };
		1EDD43CA1DD179D80012517E /* ViewController.h */ = {isa = PBXFileReference; lastKnownFileType = sourcecode.c.h; path = ViewController.h; sourceTree = "<group>"; };
		1EDD43CE1DD179D80012517E /* Base */ = {isa = PBXFileReference; lastKnownFileType = file.storyboard; name = Base; path = Base.lproj/Main.storyboard; sourceTree = "<group>"; };
		1EDD43D01DD179D80012517E /* Assets.xcassets */ = {isa = PBXFileReference; lastKnownFileType = folder.assetcatalog; path = Assets.xcassets; sourceTree = "<group>"; };
		1EDD43D31DD179D80012517E /* Base */ = {isa = PBXFileReference; lastKnownFileType = file.storyboard; name = Base; path = Base.lproj/LaunchScreen.storyboard; sourceTree = "<group>"; };
		1EDD43D51DD179D80012517E /* Info.plist */ = {isa = PBXFileReference; lastKnownFileType = text.plist.xml; path = Info.plist; sourceTree = "<group>"; };
		1EDD43DA1DD179D80012517E /* ExampleUITests.xctest */ = {isa = PBXFileReference; explicitFileType = wrapper.cfbundle; includeInIndex = 0; path = ExampleUITests.xctest; sourceTree = BUILT_PRODUCTS_DIR; };
		1EDD43DE1DD179D80012517E /* ExampleUITests.m */ = {isa = PBXFileReference; lastKnownFileType = sourcecode.c.objc; path = ExampleUITests.m; sourceTree = "<group>"; };
		1EDD43E01DD179D80012517E /* Info.plist */ = {isa = PBXFileReference; lastKnownFileType = text.plist.xml; path = Info.plist; sourceTree = "<group>"; };
		1EDD43EB1DD17A250012517E /* MASCompositeConstraint.h */ = {isa = PBXFileReference; fileEncoding = 4; lastKnownFileType = sourcecode.c.h; path = MASCompositeConstraint.h; sourceTree = "<group>"; };
		1EDD43EC1DD17A250012517E /* MASCompositeConstraint.m */ = {isa = PBXFileReference; fileEncoding = 4; lastKnownFileType = sourcecode.c.objc; path = MASCompositeConstraint.m; sourceTree = "<group>"; };
		1EDD43ED1DD17A250012517E /* MASConstraint+Private.h */ = {isa = PBXFileReference; fileEncoding = 4; lastKnownFileType = sourcecode.c.h; path = "MASConstraint+Private.h"; sourceTree = "<group>"; };
		1EDD43EE1DD17A250012517E /* MASConstraint.h */ = {isa = PBXFileReference; fileEncoding = 4; lastKnownFileType = sourcecode.c.h; path = MASConstraint.h; sourceTree = "<group>"; };
		1EDD43EF1DD17A250012517E /* MASConstraint.m */ = {isa = PBXFileReference; fileEncoding = 4; lastKnownFileType = sourcecode.c.objc; path = MASConstraint.m; sourceTree = "<group>"; };
		1EDD43F01DD17A250012517E /* MASConstraintMaker.h */ = {isa = PBXFileReference; fileEncoding = 4; lastKnownFileType = sourcecode.c.h; path = MASConstraintMaker.h; sourceTree = "<group>"; };
		1EDD43F11DD17A250012517E /* MASConstraintMaker.m */ = {isa = PBXFileReference; fileEncoding = 4; lastKnownFileType = sourcecode.c.objc; path = MASConstraintMaker.m; sourceTree = "<group>"; };
		1EDD43F21DD17A250012517E /* MASLayoutConstraint.h */ = {isa = PBXFileReference; fileEncoding = 4; lastKnownFileType = sourcecode.c.h; path = MASLayoutConstraint.h; sourceTree = "<group>"; };
		1EDD43F31DD17A250012517E /* MASLayoutConstraint.m */ = {isa = PBXFileReference; fileEncoding = 4; lastKnownFileType = sourcecode.c.objc; path = MASLayoutConstraint.m; sourceTree = "<group>"; };
		1EDD43F41DD17A250012517E /* Masonry.h */ = {isa = PBXFileReference; fileEncoding = 4; lastKnownFileType = sourcecode.c.h; path = Masonry.h; sourceTree = "<group>"; };
		1EDD43F51DD17A250012517E /* MASUtilities.h */ = {isa = PBXFileReference; fileEncoding = 4; lastKnownFileType = sourcecode.c.h; path = MASUtilities.h; sourceTree = "<group>"; };
		1EDD43F61DD17A250012517E /* MASViewAttribute.h */ = {isa = PBXFileReference; fileEncoding = 4; lastKnownFileType = sourcecode.c.h; path = MASViewAttribute.h; sourceTree = "<group>"; };
		1EDD43F71DD17A250012517E /* MASViewAttribute.m */ = {isa = PBXFileReference; fileEncoding = 4; lastKnownFileType = sourcecode.c.objc; path = MASViewAttribute.m; sourceTree = "<group>"; };
		1EDD43F81DD17A250012517E /* MASViewConstraint.h */ = {isa = PBXFileReference; fileEncoding = 4; lastKnownFileType = sourcecode.c.h; path = MASViewConstraint.h; sourceTree = "<group>"; };
		1EDD43F91DD17A250012517E /* MASViewConstraint.m */ = {isa = PBXFileReference; fileEncoding = 4; lastKnownFileType = sourcecode.c.objc; path = MASViewConstraint.m; sourceTree = "<group>"; };
		1EDD43FA1DD17A250012517E /* NSArray+MASAdditions.h */ = {isa = PBXFileReference; fileEncoding = 4; lastKnownFileType = sourcecode.c.h; path = "NSArray+MASAdditions.h"; sourceTree = "<group>"; };
		1EDD43FB1DD17A250012517E /* NSArray+MASAdditions.m */ = {isa = PBXFileReference; fileEncoding = 4; lastKnownFileType = sourcecode.c.objc; path = "NSArray+MASAdditions.m"; sourceTree = "<group>"; };
		1EDD43FC1DD17A250012517E /* NSArray+MASShorthandAdditions.h */ = {isa = PBXFileReference; fileEncoding = 4; lastKnownFileType = sourcecode.c.h; path = "NSArray+MASShorthandAdditions.h"; sourceTree = "<group>"; };
		1EDD43FD1DD17A250012517E /* NSLayoutConstraint+MASDebugAdditions.h */ = {isa = PBXFileReference; fileEncoding = 4; lastKnownFileType = sourcecode.c.h; path = "NSLayoutConstraint+MASDebugAdditions.h"; sourceTree = "<group>"; };
		1EDD43FE1DD17A250012517E /* NSLayoutConstraint+MASDebugAdditions.m */ = {isa = PBXFileReference; fileEncoding = 4; lastKnownFileType = sourcecode.c.objc; path = "NSLayoutConstraint+MASDebugAdditions.m"; sourceTree = "<group>"; };
		1EDD43FF1DD17A250012517E /* View+MASAdditions.h */ = {isa = PBXFileReference; fileEncoding = 4; lastKnownFileType = sourcecode.c.h; path = "View+MASAdditions.h"; sourceTree = "<group>"; };
		1EDD44001DD17A250012517E /* View+MASAdditions.m */ = {isa = PBXFileReference; fileEncoding = 4; lastKnownFileType = sourcecode.c.objc; path = "View+MASAdditions.m"; sourceTree = "<group>"; };
		1EDD44011DD17A250012517E /* View+MASShorthandAdditions.h */ = {isa = PBXFileReference; fileEncoding = 4; lastKnownFileType = sourcecode.c.h; path = "View+MASShorthandAdditions.h"; sourceTree = "<group>"; };
		1EDD44021DD17A250012517E /* ViewController+MASAdditions.h */ = {isa = PBXFileReference; fileEncoding = 4; lastKnownFileType = sourcecode.c.h; path = "ViewController+MASAdditions.h"; sourceTree = "<group>"; };
		1EDD44031DD17A250012517E /* ViewController+MASAdditions.m */ = {isa = PBXFileReference; fileEncoding = 4; lastKnownFileType = sourcecode.c.objc; path = "ViewController+MASAdditions.m"; sourceTree = "<group>"; };
		1EDD440F1DD17A2E0012517E /* WZXTxtAnalyse.h */ = {isa = PBXFileReference; fileEncoding = 4; lastKnownFileType = sourcecode.c.h; path = WZXTxtAnalyse.h; sourceTree = "<group>"; };
		1EDD44101DD17A2E0012517E /* WZXTxtAnalyse.m */ = {isa = PBXFileReference; fileEncoding = 4; lastKnownFileType = sourcecode.c.objc; path = WZXTxtAnalyse.m; sourceTree = "<group>"; };
		1EDD44111DD17A2E0012517E /* WZXTxtPageViewController.h */ = {isa = PBXFileReference; fileEncoding = 4; lastKnownFileType = sourcecode.c.h; path = WZXTxtPageViewController.h; sourceTree = "<group>"; };
		1EDD44121DD17A2E0012517E /* WZXTxtPageViewController.m */ = {isa = PBXFileReference; fileEncoding = 4; lastKnownFileType = sourcecode.c.objc; path = WZXTxtPageViewController.m; sourceTree = "<group>"; };
		1EDD44131DD17A2E0012517E /* WZXTxtViewController.h */ = {isa = PBXFileReference; fileEncoding = 4; lastKnownFileType = sourcecode.c.h; path = WZXTxtViewController.h; sourceTree = "<group>"; };
		1EDD44141DD17A2E0012517E /* WZXTxtViewController.m */ = {isa = PBXFileReference; fileEncoding = 4; lastKnownFileType = sourcecode.c.objc; path = WZXTxtViewController.m; sourceTree = "<group>"; };
		1EDD44191DD17A550012517E /* mdjyml.txt */ = {isa = PBXFileReference; fileEncoding = 4; lastKnownFileType = text; path = mdjyml.txt; sourceTree = "<group>"; };
		1EDD441B1DD17A760012517E /* ViewController.m */ = {isa = PBXFileReference; fileEncoding = 4; lastKnownFileType = sourcecode.c.objc; path = ViewController.m; sourceTree = "<group>"; };
/* End PBXFileReference section */

/* Begin PBXFrameworksBuildPhase section */
		1EDD43BE1DD179D80012517E /* Frameworks */ = {
			isa = PBXFrameworksBuildPhase;
			buildActionMask = 2147483647;
			files = (
			);
			runOnlyForDeploymentPostprocessing = 0;
		};
		1EDD43D71DD179D80012517E /* Frameworks */ = {
			isa = PBXFrameworksBuildPhase;
			buildActionMask = 2147483647;
			files = (
			);
			runOnlyForDeploymentPostprocessing = 0;
		};
/* End PBXFrameworksBuildPhase section */

/* Begin PBXGroup section */
		1EDD43B81DD179D80012517E = {
			isa = PBXGroup;
			children = (
				1EDD43C31DD179D80012517E /* Example */,
				1EDD43DD1DD179D80012517E /* ExampleUITests */,
				1EDD43C21DD179D80012517E /* Products */,
			);
			sourceTree = "<group>";
		};
		1EDD43C21DD179D80012517E /* Products */ = {
			isa = PBXGroup;
			children = (
				1EDD43C11DD179D80012517E /* Example.app */,
				1EDD43DA1DD179D80012517E /* ExampleUITests.xctest */,
			);
			name = Products;
			sourceTree = "<group>";
		};
		1EDD43C31DD179D80012517E /* Example */ = {
			isa = PBXGroup;
			children = (
				1EDD44181DD17A550012517E /* Resource */,
				1EDD440E1DD17A2E0012517E /* WZXTxt */,
				1EDD43E91DD17A250012517E /* Vendors */,
				1EDD43C71DD179D80012517E /* AppDelegate.h */,
				1EDD43C81DD179D80012517E /* AppDelegate.m */,
				1EDD43CA1DD179D80012517E /* ViewController.h */,
				1EDD441B1DD17A760012517E /* ViewController.m */,
				1EDD43CD1DD179D80012517E /* Main.storyboard */,
				1EDD43D01DD179D80012517E /* Assets.xcassets */,
				1EDD43D21DD179D80012517E /* LaunchScreen.storyboard */,
				1EDD43D51DD179D80012517E /* Info.plist */,
				1EDD43C41DD179D80012517E /* Supporting Files */,
			);
			path = Example;
			sourceTree = "<group>";
		};
		1EDD43C41DD179D80012517E /* Supporting Files */ = {
			isa = PBXGroup;
			children = (
				1EDD43C51DD179D80012517E /* main.m */,
			);
			name = "Supporting Files";
			sourceTree = "<group>";
		};
		1EDD43DD1DD179D80012517E /* ExampleUITests */ = {
			isa = PBXGroup;
			children = (
				1EDD43DE1DD179D80012517E /* ExampleUITests.m */,
				1EDD43E01DD179D80012517E /* Info.plist */,
			);
			path = ExampleUITests;
			sourceTree = "<group>";
		};
		1EDD43E91DD17A250012517E /* Vendors */ = {
			isa = PBXGroup;
			children = (
				1EDD43EA1DD17A250012517E /* Masonry */,
			);
			path = Vendors;
			sourceTree = "<group>";
		};
		1EDD43EA1DD17A250012517E /* Masonry */ = {
			isa = PBXGroup;
			children = (
				1EDD43EB1DD17A250012517E /* MASCompositeConstraint.h */,
				1EDD43EC1DD17A250012517E /* MASCompositeConstraint.m */,
				1EDD43ED1DD17A250012517E /* MASConstraint+Private.h */,
				1EDD43EE1DD17A250012517E /* MASConstraint.h */,
				1EDD43EF1DD17A250012517E /* MASConstraint.m */,
				1EDD43F01DD17A250012517E /* MASConstraintMaker.h */,
				1EDD43F11DD17A250012517E /* MASConstraintMaker.m */,
				1EDD43F21DD17A250012517E /* MASLayoutConstraint.h */,
				1EDD43F31DD17A250012517E /* MASLayoutConstraint.m */,
				1EDD43F41DD17A250012517E /* Masonry.h */,
				1EDD43F51DD17A250012517E /* MASUtilities.h */,
				1EDD43F61DD17A250012517E /* MASViewAttribute.h */,
				1EDD43F71DD17A250012517E /* MASViewAttribute.m */,
				1EDD43F81DD17A250012517E /* MASViewConstraint.h */,
				1EDD43F91DD17A250012517E /* MASViewConstraint.m */,
				1EDD43FA1DD17A250012517E /* NSArray+MASAdditions.h */,
				1EDD43FB1DD17A250012517E /* NSArray+MASAdditions.m */,
				1EDD43FC1DD17A250012517E /* NSArray+MASShorthandAdditions.h */,
				1EDD43FD1DD17A250012517E /* NSLayoutConstraint+MASDebugAdditions.h */,
				1EDD43FE1DD17A250012517E /* NSLayoutConstraint+MASDebugAdditions.m */,
				1EDD43FF1DD17A250012517E /* View+MASAdditions.h */,
				1EDD44001DD17A250012517E /* View+MASAdditions.m */,
				1EDD44011DD17A250012517E /* View+MASShorthandAdditions.h */,
				1EDD44021DD17A250012517E /* ViewController+MASAdditions.h */,
				1EDD44031DD17A250012517E /* ViewController+MASAdditions.m */,
			);
			path = Masonry;
			sourceTree = "<group>";
		};
		1EDD440E1DD17A2E0012517E /* WZXTxt */ = {
			isa = PBXGroup;
			children = (
				1EDD440F1DD17A2E0012517E /* WZXTxtAnalyse.h */,
				1EDD44101DD17A2E0012517E /* WZXTxtAnalyse.m */,
				1EDD44111DD17A2E0012517E /* WZXTxtPageViewController.h */,
				1EDD44121DD17A2E0012517E /* WZXTxtPageViewController.m */,
				1EDD44131DD17A2E0012517E /* WZXTxtViewController.h */,
				1EDD44141DD17A2E0012517E /* WZXTxtViewController.m */,
			);
			path = WZXTxt;
			sourceTree = "<group>";
		};
		1EDD44181DD17A550012517E /* Resource */ = {
			isa = PBXGroup;
			children = (
				1EDD44191DD17A550012517E /* mdjyml.txt */,
			);
			path = Resource;
			sourceTree = "<group>";
		};
/* End PBXGroup section */

/* Begin PBXNativeTarget section */
		1EDD43C01DD179D80012517E /* Example */ = {
			isa = PBXNativeTarget;
			buildConfigurationList = 1EDD43E31DD179D80012517E /* Build configuration list for PBXNativeTarget "Example" */;
			buildPhases = (
				1EDD43BD1DD179D80012517E /* Sources */,
				1EDD43BE1DD179D80012517E /* Frameworks */,
				1EDD43BF1DD179D80012517E /* Resources */,
			);
			buildRules = (
			);
			dependencies = (
			);
			name = Example;
			productName = Example;
			productReference = 1EDD43C11DD179D80012517E /* Example.app */;
			productType = "com.apple.product-type.application";
		};
		1EDD43D91DD179D80012517E /* ExampleUITests */ = {
			isa = PBXNativeTarget;
			buildConfigurationList = 1EDD43E61DD179D80012517E /* Build configuration list for PBXNativeTarget "ExampleUITests" */;
			buildPhases = (
				1EDD43D61DD179D80012517E /* Sources */,
				1EDD43D71DD179D80012517E /* Frameworks */,
				1EDD43D81DD179D80012517E /* Resources */,
			);
			buildRules = (
			);
			dependencies = (
				1EDD43DC1DD179D80012517E /* PBXTargetDependency */,
			);
			name = ExampleUITests;
			productName = ExampleUITests;
			productReference = 1EDD43DA1DD179D80012517E /* ExampleUITests.xctest */;
			productType = "com.apple.product-type.bundle.ui-testing";
		};
/* End PBXNativeTarget section */

/* Begin PBXProject section */
		1EDD43B91DD179D80012517E /* Project object */ = {
			isa = PBXProject;
			attributes = {
				LastUpgradeCheck = 0800;
				ORGANIZATIONNAME = WzxJiang;
				TargetAttributes = {
					1EDD43C01DD179D80012517E = {
						CreatedOnToolsVersion = 8.0;
						DevelopmentTeam = 475L2MZD72;
						ProvisioningStyle = Automatic;
					};
					1EDD43D91DD179D80012517E = {
						CreatedOnToolsVersion = 8.0;
						DevelopmentTeam = 475L2MZD72;
						ProvisioningStyle = Automatic;
						TestTargetID = 1EDD43C01DD179D80012517E;
					};
				};
			};
			buildConfigurationList = 1EDD43BC1DD179D80012517E /* Build configuration list for PBXProject "Example" */;
			compatibilityVersion = "Xcode 3.2";
			developmentRegion = English;
			hasScannedForEncodings = 0;
			knownRegions = (
				en,
				Base,
			);
			mainGroup = 1EDD43B81DD179D80012517E;
			productRefGroup = 1EDD43C21DD179D80012517E /* Products */;
			projectDirPath = "";
			projectRoot = "";
			targets = (
				1EDD43C01DD179D80012517E /* Example */,
				1EDD43D91DD179D80012517E /* ExampleUITests */,
			);
		};
/* End PBXProject section */

/* Begin PBXResourcesBuildPhase section */
		1EDD43BF1DD179D80012517E /* Resources */ = {
			isa = PBXResourcesBuildPhase;
			buildActionMask = 2147483647;
			files = (
				1EDD43D41DD179D80012517E /* LaunchScreen.storyboard in Resources */,
				1EDD441A1DD17A550012517E /* mdjyml.txt in Resources */,
				1EDD43D11DD179D80012517E /* Assets.xcassets in Resources */,
				1EDD43CF1DD179D80012517E /* Main.storyboard in Resources */,
			);
			runOnlyForDeploymentPostprocessing = 0;
		};
		1EDD43D81DD179D80012517E /* Resources */ = {
			isa = PBXResourcesBuildPhase;
			buildActionMask = 2147483647;
			files = (
			);
			runOnlyForDeploymentPostprocessing = 0;
		};
/* End PBXResourcesBuildPhase section */

/* Begin PBXSourcesBuildPhase section */
		1EDD43BD1DD179D80012517E /* Sources */ = {
			isa = PBXSourcesBuildPhase;
			buildActionMask = 2147483647;
			files = (
				1EDD440B1DD17A250012517E /* NSLayoutConstraint+MASDebugAdditions.m in Sources */,
				1EDD44091DD17A250012517E /* MASViewConstraint.m in Sources */,
				1EDD44041DD17A250012517E /* MASCompositeConstraint.m in Sources */,
				1EDD440A1DD17A250012517E /* NSArray+MASAdditions.m in Sources */,
				1EDD43C91DD179D80012517E /* AppDelegate.m in Sources */,
				1EDD44071DD17A250012517E /* MASLayoutConstraint.m in Sources */,
				1EDD44161DD17A2E0012517E /* WZXTxtPageViewController.m in Sources */,
				1EDD43C61DD179D80012517E /* main.m in Sources */,
				1EDD44171DD17A2E0012517E /* WZXTxtViewController.m in Sources */,
				1EDD440D1DD17A250012517E /* ViewController+MASAdditions.m in Sources */,
				1EDD441C1DD17A760012517E /* ViewController.m in Sources */,
				1EDD440C1DD17A250012517E /* View+MASAdditions.m in Sources */,
				1EDD44151DD17A2E0012517E /* WZXTxtAnalyse.m in Sources */,
				1EDD44081DD17A250012517E /* MASViewAttribute.m in Sources */,
				1EDD44051DD17A250012517E /* MASConstraint.m in Sources */,
				1EDD44061DD17A250012517E /* MASConstraintMaker.m in Sources */,
			);
			runOnlyForDeploymentPostprocessing = 0;
		};
		1EDD43D61DD179D80012517E /* Sources */ = {
			isa = PBXSourcesBuildPhase;
			buildActionMask = 2147483647;
			files = (
				1EDD43DF1DD179D80012517E /* ExampleUITests.m in Sources */,
			);
			runOnlyForDeploymentPostprocessing = 0;
		};
/* End PBXSourcesBuildPhase section */

/* Begin PBXTargetDependency section */
		1EDD43DC1DD179D80012517E /* PBXTargetDependency */ = {
			isa = PBXTargetDependency;
			target = 1EDD43C01DD179D80012517E /* Example */;
			targetProxy = 1EDD43DB1DD179D80012517E /* PBXContainerItemProxy */;
		};
/* End PBXTargetDependency section */

/* Begin PBXVariantGroup section */
		1EDD43CD1DD179D80012517E /* Main.storyboard */ = {
			isa = PBXVariantGroup;
			children = (
				1EDD43CE1DD179D80012517E /* Base */,
			);
			name = Main.storyboard;
			sourceTree = "<group>";
		};
		1EDD43D21DD179D80012517E /* LaunchScreen.storyboard */ = {
			isa = PBXVariantGroup;
			children = (
				1EDD43D31DD179D80012517E /* Base */,
			);
			name = LaunchScreen.storyboard;
			sourceTree = "<group>";
		};
/* End PBXVariantGroup section */

/* Begin XCBuildConfiguration section */
		1EDD43E11DD179D80012517E /* Debug */ = {
			isa = XCBuildConfiguration;
			buildSettings = {
				ALWAYS_SEARCH_USER_PATHS = NO;
				CLANG_ANALYZER_NONNULL = YES;
				CLANG_CXX_LANGUAGE_STANDARD = "gnu++0x";
				CLANG_CXX_LIBRARY = "libc++";
				CLANG_ENABLE_MODULES = YES;
				CLANG_ENABLE_OBJC_ARC = YES;
				CLANG_WARN_BOOL_CONVERSION = YES;
				CLANG_WARN_CONSTANT_CONVERSION = YES;
				CLANG_WARN_DIRECT_OBJC_ISA_USAGE = YES_ERROR;
				CLANG_WARN_DOCUMENTATION_COMMENTS = YES;
				CLANG_WARN_EMPTY_BODY = YES;
				CLANG_WARN_ENUM_CONVERSION = YES;
				CLANG_WARN_INFINITE_RECURSION = YES;
				CLANG_WARN_INT_CONVERSION = YES;
				CLANG_WARN_OBJC_ROOT_CLASS = YES_ERROR;
				CLANG_WARN_SUSPICIOUS_MOVES = YES;
				CLANG_WARN_UNREACHABLE_CODE = YES;
				CLANG_WARN__DUPLICATE_METHOD_MATCH = YES;
				"CODE_SIGN_IDENTITY[sdk=iphoneos*]" = "iPhone Developer";
				COPY_PHASE_STRIP = NO;
				DEBUG_INFORMATION_FORMAT = dwarf;
				ENABLE_STRICT_OBJC_MSGSEND = YES;
				ENABLE_TESTABILITY = YES;
				GCC_C_LANGUAGE_STANDARD = gnu99;
				GCC_DYNAMIC_NO_PIC = NO;
				GCC_NO_COMMON_BLOCKS = YES;
				GCC_OPTIMIZATION_LEVEL = 0;
				GCC_PREPROCESSOR_DEFINITIONS = (
					"DEBUG=1",
					"$(inherited)",
				);
				GCC_WARN_64_TO_32_BIT_CONVERSION = YES;
				GCC_WARN_ABOUT_RETURN_TYPE = YES_ERROR;
				GCC_WARN_UNDECLARED_SELECTOR = YES;
				GCC_WARN_UNINITIALIZED_AUTOS = YES_AGGRESSIVE;
				GCC_WARN_UNUSED_FUNCTION = YES;
				GCC_WARN_UNUSED_VARIABLE = YES;
				IPHONEOS_DEPLOYMENT_TARGET = 10.0;
				MTL_ENABLE_DEBUG_INFO = YES;
				ONLY_ACTIVE_ARCH = YES;
				SDKROOT = iphoneos;
			};
			name = Debug;
		};
		1EDD43E21DD179D80012517E /* Release */ = {
			isa = XCBuildConfiguration;
			buildSettings = {
				ALWAYS_SEARCH_USER_PATHS = NO;
				CLANG_ANALYZER_NONNULL = YES;
				CLANG_CXX_LANGUAGE_STANDARD = "gnu++0x";
				CLANG_CXX_LIBRARY = "libc++";
				CLANG_ENABLE_MODULES = YES;
				CLANG_ENABLE_OBJC_ARC = YES;
				CLANG_WARN_BOOL_CONVERSION = YES;
				CLANG_WARN_CONSTANT_CONVERSION = YES;
				CLANG_WARN_DIRECT_OBJC_ISA_USAGE = YES_ERROR;
				CLANG_WARN_DOCUMENTATION_COMMENTS = YES;
				CLANG_WARN_EMPTY_BODY = YES;
				CLANG_WARN_ENUM_CONVERSION = YES;
				CLANG_WARN_INFINITE_RECURSION = YES;
				CLANG_WARN_INT_CONVERSION = YES;
				CLANG_WARN_OBJC_ROOT_CLASS = YES_ERROR;
				CLANG_WARN_SUSPICIOUS_MOVES = YES;
				CLANG_WARN_UNREACHABLE_CODE = YES;
				CLANG_WARN__DUPLICATE_METHOD_MATCH = YES;
				"CODE_SIGN_IDENTITY[sdk=iphoneos*]" = "iPhone Developer";
				COPY_PHASE_STRIP = NO;
				DEBUG_INFORMATION_FORMAT = "dwarf-with-dsym";
				ENABLE_NS_ASSERTIONS = NO;
				ENABLE_STRICT_OBJC_MSGSEND = YES;
				GCC_C_LANGUAGE_STANDARD = gnu99;
				GCC_NO_COMMON_BLOCKS = YES;
				GCC_WARN_64_TO_32_BIT_CONVERSION = YES;
				GCC_WARN_ABOUT_RETURN_TYPE = YES_ERROR;
				GCC_WARN_UNDECLARED_SELECTOR = YES;
				GCC_WARN_UNINITIALIZED_AUTOS = YES_AGGRESSIVE;
				GCC_WARN_UNUSED_FUNCTION = YES;
				GCC_WARN_UNUSED_VARIABLE = YES;
				IPHONEOS_DEPLOYMENT_TARGET = 10.0;
				MTL_ENABLE_DEBUG_INFO = NO;
				SDKROOT = iphoneos;
				VALIDATE_PRODUCT = YES;
			};
			name = Release;
		};
		1EDD43E41DD179D80012517E /* Debug */ = {
			isa = XCBuildConfiguration;
			buildSettings = {
				ASSETCATALOG_COMPILER_APPICON_NAME = AppIcon;
				DEVELOPMENT_TEAM = 475L2MZD72;
				INFOPLIST_FILE = Example/Info.plist;
				LD_RUNPATH_SEARCH_PATHS = "$(inherited) @executable_path/Frameworks";
				PRODUCT_BUNDLE_IDENTIFIER = com.wzxjiang.Example;
				PRODUCT_NAME = "$(TARGET_NAME)";
			};
			name = Debug;
		};
		1EDD43E51DD179D80012517E /* Release */ = {
			isa = XCBuildConfiguration;
			buildSettings = {
				ASSETCATALOG_COMPILER_APPICON_NAME = AppIcon;
				DEVELOPMENT_TEAM = 475L2MZD72;
				INFOPLIST_FILE = Example/Info.plist;
				LD_RUNPATH_SEARCH_PATHS = "$(inherited) @executable_path/Frameworks";
				PRODUCT_BUNDLE_IDENTIFIER = com.wzxjiang.Example;
				PRODUCT_NAME = "$(TARGET_NAME)";
			};
			name = Release;
		};
		1EDD43E71DD179D80012517E /* Debug */ = {
			isa = XCBuildConfiguration;
			buildSettings = {
				DEVELOPMENT_TEAM = 475L2MZD72;
				INFOPLIST_FILE = ExampleUITests/Info.plist;
				LD_RUNPATH_SEARCH_PATHS = "$(inherited) @executable_path/Frameworks @loader_path/Frameworks";
				PRODUCT_BUNDLE_IDENTIFIER = com.wzxjiang.ExampleUITests;
				PRODUCT_NAME = "$(TARGET_NAME)";
				TEST_TARGET_NAME = Example;
			};
			name = Debug;
		};
		1EDD43E81DD179D80012517E /* Release */ = {
			isa = XCBuildConfiguration;
			buildSettings = {
				DEVELOPMENT_TEAM = 475L2MZD72;
				INFOPLIST_FILE = ExampleUITests/Info.plist;
				LD_RUNPATH_SEARCH_PATHS = "$(inherited) @executable_path/Frameworks @loader_path/Frameworks";
				PRODUCT_BUNDLE_IDENTIFIER = com.wzxjiang.ExampleUITests;
				PRODUCT_NAME = "$(TARGET_NAME)";
				TEST_TARGET_NAME = Example;
			};
			name = Release;
		};
/* End XCBuildConfiguration section */

/* Begin XCConfigurationList section */
		1EDD43BC1DD179D80012517E /* Build configuration list for PBXProject "Example" */ = {
			isa = XCConfigurationList;
			buildConfigurations = (
				1EDD43E11DD179D80012517E /* Debug */,
				1EDD43E21DD179D80012517E /* Release */,
			);
			defaultConfigurationIsVisible = 0;
			defaultConfigurationName = Release;
		};
		1EDD43E31DD179D80012517E /* Build configuration list for PBXNativeTarget "Example" */ = {
			isa = XCConfigurationList;
			buildConfigurations = (
				1EDD43E41DD179D80012517E /* Debug */,
				1EDD43E51DD179D80012517E /* Release */,
			);
			defaultConfigurationIsVisible = 0;
		};
		1EDD43E61DD179D80012517E /* Build configuration list for PBXNativeTarget "ExampleUITests" */ = {
			isa = XCConfigurationList;
			buildConfigurations = (
				1EDD43E71DD179D80012517E /* Debug */,
				1EDD43E81DD179D80012517E /* Release */,
			);
			defaultConfigurationIsVisible = 0;
		};
/* End XCConfigurationList section */
	};
	rootObject = 1EDD43B91DD179D80012517E /* Project object */;
}
