// !$*UTF8*$!
{
	archiveVersion = 1;
	classes = {
	};
	objectVersion = 46;
	objects = {

/* Begin PBXBuildFile section */
		1E06E3931DD304E70052EC5C /* AppDelegate.m in Sources */ = {isa = PBXBuildFile; fileRef = 1E06E3691DD304E70052EC5C /* AppDelegate.m */; };
		1E06E3941DD304E70052EC5C /* Assets.xcassets in Resources */ = {isa = PBXBuildFile; fileRef = 1E06E36A1DD304E70052EC5C /* Assets.xcassets */; };
		1E06E3951DD304E70052EC5C /* LaunchScreen.storyboard in Resources */ = {isa = PBXBuildFile; fileRef = 1E06E36B1DD304E70052EC5C /* LaunchScreen.storyboard */; };
		1E06E3961DD304E70052EC5C /* Info.plist in Resources */ = {isa = PBXBuildFile; fileRef = 1E06E36D1DD304E70052EC5C /* Info.plist */; };
		1E06E3971DD304E70052EC5C /* main.m in Sources */ = {isa = PBXBuildFile; fileRef = 1E06E36E1DD304E70052EC5C /* main.m */; };
		1E06E3991DD304E70052EC5C /* MainViewController.m in Sources */ = {isa = PBXBuildFile; fileRef = 1E06E3761DD304E70052EC5C /* MainViewController.m */; };
		1E06E39A1DD304E70052EC5C /* MASCompositeConstraint.m in Sources */ = {isa = PBXBuildFile; fileRef = 1E06E37A1DD304E70052EC5C /* MASCompositeConstraint.m */; };
		1E06E39B1DD304E70052EC5C /* MASConstraint.m in Sources */ = {isa = PBXBuildFile; fileRef = 1E06E37D1DD304E70052EC5C /* MASConstraint.m */; };
		1E06E39C1DD304E70052EC5C /* MASConstraintMaker.m in Sources */ = {isa = PBXBuildFile; fileRef = 1E06E37F1DD304E70052EC5C /* MASConstraintMaker.m */; };
		1E06E39D1DD304E70052EC5C /* MASLayoutConstraint.m in Sources */ = {isa = PBXBuildFile; fileRef = 1E06E3811DD304E70052EC5C /* MASLayoutConstraint.m */; };
		1E06E39E1DD304E70052EC5C /* MASViewAttribute.m in Sources */ = {isa = PBXBuildFile; fileRef = 1E06E3851DD304E70052EC5C /* MASViewAttribute.m */; };
		1E06E39F1DD304E70052EC5C /* MASViewConstraint.m in Sources */ = {isa = PBXBuildFile; fileRef = 1E06E3871DD304E70052EC5C /* MASViewConstraint.m */; };
		1E06E3A01DD304E70052EC5C /* NSArray+MASAdditions.m in Sources */ = {isa = PBXBuildFile; fileRef = 1E06E3891DD304E70052EC5C /* NSArray+MASAdditions.m */; };
		1E06E3A11DD304E70052EC5C /* NSLayoutConstraint+MASDebugAdditions.m in Sources */ = {isa = PBXBuildFile; fileRef = 1E06E38C1DD304E70052EC5C /* NSLayoutConstraint+MASDebugAdditions.m */; };
		1E06E3A21DD304E70052EC5C /* View+MASAdditions.m in Sources */ = {isa = PBXBuildFile; fileRef = 1E06E38E1DD304E70052EC5C /* View+MASAdditions.m */; };
		1E06E3A31DD304E70052EC5C /* ViewController+MASAdditions.m in Sources */ = {isa = PBXBuildFile; fileRef = 1E06E3911DD304E70052EC5C /* ViewController+MASAdditions.m */; };
		1E06E3B31DD304FC0052EC5C /* WZXTxtReaderBottomView.m in Sources */ = {isa = PBXBuildFile; fileRef = 1E06E3A71DD304FC0052EC5C /* WZXTxtReaderBottomView.m */; };
		1E06E3B41DD304FC0052EC5C /* WZXTxtReaderTopView.m in Sources */ = {isa = PBXBuildFile; fileRef = 1E06E3A91DD304FC0052EC5C /* WZXTxtReaderTopView.m */; };
		1E06E3B51DD304FC0052EC5C /* WZXTxtPageViewController.m in Sources */ = {isa = PBXBuildFile; fileRef = 1E06E3AC1DD304FC0052EC5C /* WZXTxtPageViewController.m */; };
		1E06E3B61DD304FC0052EC5C /* WZXTxtReaderViewController.m in Sources */ = {isa = PBXBuildFile; fileRef = 1E06E3AE1DD304FC0052EC5C /* WZXTxtReaderViewController.m */; };
		1E06E3B71DD304FC0052EC5C /* WZXTxtViewController.m in Sources */ = {isa = PBXBuildFile; fileRef = 1E06E3B01DD304FC0052EC5C /* WZXTxtViewController.m */; };
		1E06E3B81DD304FC0052EC5C /* WZXTxtAnalyse.m in Sources */ = {isa = PBXBuildFile; fileRef = 1E06E3B21DD304FC0052EC5C /* WZXTxtAnalyse.m */; };
		1E06E3BB1DD316640052EC5C /* WZXCatalogueViewController.m in Sources */ = {isa = PBXBuildFile; fileRef = 1E06E3BA1DD316640052EC5C /* WZXCatalogueViewController.m */; };
		1E06E3BE1DD3175E0052EC5C /* WZXTxtCatalogueCell.m in Sources */ = {isa = PBXBuildFile; fileRef = 1E06E3BD1DD3175E0052EC5C /* WZXTxtCatalogueCell.m */; };
		1E06E4041DD46C960052EC5C /* 30430.epub in Resources */ = {isa = PBXBuildFile; fileRef = 1E06E4011DD46C960052EC5C /* 30430.epub */; };
		1E06E4051DD46C960052EC5C /* mdjyml.txt in Resources */ = {isa = PBXBuildFile; fileRef = 1E06E4021DD46C960052EC5C /* mdjyml.txt */; };
		1E06E4061DD46C960052EC5C /* 将夜.txt in Resources */ = {isa = PBXBuildFile; fileRef = 1E06E4031DD46C960052EC5C /* 将夜.txt */; };
		1E06E40A1DD470420052EC5C /* WZXNavigationView.m in Sources */ = {isa = PBXBuildFile; fileRef = 1E06E4091DD470420052EC5C /* WZXNavigationView.m */; };
		1E06E4491DD4983B0052EC5C /* VisHUD.m in Sources */ = {isa = PBXBuildFile; fileRef = 1E06E4481DD4983B0052EC5C /* VisHUD.m */; };
		1E06E4811DD5C9C00052EC5C /* WZXTheme.m in Sources */ = {isa = PBXBuildFile; fileRef = 1E06E4801DD5C9C00052EC5C /* WZXTheme.m */; };
		1EDD43DF1DD179D80012517E /* ExampleUITests.m in Sources */ = {isa = PBXBuildFile; fileRef = 1EDD43DE1DD179D80012517E /* ExampleUITests.m */; };
/* End PBXBuildFile section */

/* Begin PBXContainerItemProxy section */
		1EDD43DB1DD179D80012517E /* PBXContainerItemProxy */ = {
			isa = PBXContainerItemProxy;
			containerPortal = 1EDD43B91DD179D80012517E /* Project object */;
			proxyType = 1;
			remoteGlobalIDString = 1EDD43C01DD179D80012517E;
			remoteInfo = Example;
		};
/* End PBXContainerItemProxy section */

/* Begin PBXFileReference section */
		1E06E3681DD304E70052EC5C /* AppDelegate.h */ = {isa = PBXFileReference; fileEncoding = 4; lastKnownFileType = sourcecode.c.h; path = AppDelegate.h; sourceTree = "<group>"; };
		1E06E3691DD304E70052EC5C /* AppDelegate.m */ = {isa = PBXFileReference; fileEncoding = 4; lastKnownFileType = sourcecode.c.objc; path = AppDelegate.m; sourceTree = "<group>"; };
		1E06E36A1DD304E70052EC5C /* Assets.xcassets */ = {isa = PBXFileReference; lastKnownFileType = folder.assetcatalog; path = Assets.xcassets; sourceTree = "<group>"; };
		1E06E36C1DD304E70052EC5C /* Base */ = {isa = PBXFileReference; lastKnownFileType = file.storyboard; name = Base; path = Base.lproj/LaunchScreen.storyboard; sourceTree = "<group>"; };
		1E06E36D1DD304E70052EC5C /* Info.plist */ = {isa = PBXFileReference; fileEncoding = 4; lastKnownFileType = text.plist.xml; path = Info.plist; sourceTree = "<group>"; };
		1E06E36E1DD304E70052EC5C /* main.m */ = {isa = PBXFileReference; fileEncoding = 4; lastKnownFileType = sourcecode.c.objc; path = main.m; sourceTree = "<group>"; };
		1E06E36F1DD304E70052EC5C /* pchFile.pch */ = {isa = PBXFileReference; fileEncoding = 4; lastKnownFileType = sourcecode.c.h; path = pchFile.pch; sourceTree = "<group>"; };
		1E06E3751DD304E70052EC5C /* MainViewController.h */ = {isa = PBXFileReference; fileEncoding = 4; lastKnownFileType = sourcecode.c.h; path = MainViewController.h; sourceTree = "<group>"; };
		1E06E3761DD304E70052EC5C /* MainViewController.m */ = {isa = PBXFileReference; fileEncoding = 4; lastKnownFileType = sourcecode.c.objc; path = MainViewController.m; sourceTree = "<group>"; };
		1E06E3791DD304E70052EC5C /* MASCompositeConstraint.h */ = {isa = PBXFileReference; fileEncoding = 4; lastKnownFileType = sourcecode.c.h; path = MASCompositeConstraint.h; sourceTree = "<group>"; };
		1E06E37A1DD304E70052EC5C /* MASCompositeConstraint.m */ = {isa = PBXFileReference; fileEncoding = 4; lastKnownFileType = sourcecode.c.objc; path = MASCompositeConstraint.m; sourceTree = "<group>"; };
		1E06E37B1DD304E70052EC5C /* MASConstraint+Private.h */ = {isa = PBXFileReference; fileEncoding = 4; lastKnownFileType = sourcecode.c.h; path = "MASConstraint+Private.h"; sourceTree = "<group>"; };
		1E06E37C1DD304E70052EC5C /* MASConstraint.h */ = {isa = PBXFileReference; fileEncoding = 4; lastKnownFileType = sourcecode.c.h; path = MASConstraint.h; sourceTree = "<group>"; };
		1E06E37D1DD304E70052EC5C /* MASConstraint.m */ = {isa = PBXFileReference; fileEncoding = 4; lastKnownFileType = sourcecode.c.objc; path = MASConstraint.m; sourceTree = "<group>"; };
		1E06E37E1DD304E70052EC5C /* MASConstraintMaker.h */ = {isa = PBXFileReference; fileEncoding = 4; lastKnownFileType = sourcecode.c.h; path = MASConstraintMaker.h; sourceTree = "<group>"; };
		1E06E37F1DD304E70052EC5C /* MASConstraintMaker.m */ = {isa = PBXFileReference; fileEncoding = 4; lastKnownFileType = sourcecode.c.objc; path = MASConstraintMaker.m; sourceTree = "<group>"; };
		1E06E3801DD304E70052EC5C /* MASLayoutConstraint.h */ = {isa = PBXFileReference; fileEncoding = 4; lastKnownFileType = sourcecode.c.h; path = MASLayoutConstraint.h; sourceTree = "<group>"; };
		1E06E3811DD304E70052EC5C /* MASLayoutConstraint.m */ = {isa = PBXFileReference; fileEncoding = 4; lastKnownFileType = sourcecode.c.objc; path = MASLayoutConstraint.m; sourceTree = "<group>"; };
		1E06E3821DD304E70052EC5C /* Masonry.h */ = {isa = PBXFileReference; fileEncoding = 4; lastKnownFileType = sourcecode.c.h; path = Masonry.h; sourceTree = "<group>"; };
		1E06E3831DD304E70052EC5C /* MASUtilities.h */ = {isa = PBXFileReference; fileEncoding = 4; lastKnownFileType = sourcecode.c.h; path = MASUtilities.h; sourceTree = "<group>"; };
		1E06E3841DD304E70052EC5C /* MASViewAttribute.h */ = {isa = PBXFileReference; fileEncoding = 4; lastKnownFileType = sourcecode.c.h; path = MASViewAttribute.h; sourceTree = "<group>"; };
		1E06E3851DD304E70052EC5C /* MASViewAttribute.m */ = {isa = PBXFileReference; fileEncoding = 4; lastKnownFileType = sourcecode.c.objc; path = MASViewAttribute.m; sourceTree = "<group>"; };
		1E06E3861DD304E70052EC5C /* MASViewConstraint.h */ = {isa = PBXFileReference; fileEncoding = 4; lastKnownFileType = sourcecode.c.h; path = MASViewConstraint.h; sourceTree = "<group>"; };
		1E06E3871DD304E70052EC5C /* MASViewConstraint.m */ = {isa = PBXFileReference; fileEncoding = 4; lastKnownFileType = sourcecode.c.objc; path = MASViewConstraint.m; sourceTree = "<group>"; };
		1E06E3881DD304E70052EC5C /* NSArray+MASAdditions.h */ = {isa = PBXFileReference; fileEncoding = 4; lastKnownFileType = sourcecode.c.h; path = "NSArray+MASAdditions.h"; sourceTree = "<group>"; };
		1E06E3891DD304E70052EC5C /* NSArray+MASAdditions.m */ = {isa = PBXFileReference; fileEncoding = 4; lastKnownFileType = sourcecode.c.objc; path = "NSArray+MASAdditions.m"; sourceTree = "<group>"; };
		1E06E38A1DD304E70052EC5C /* NSArray+MASShorthandAdditions.h */ = {isa = PBXFileReference; fileEncoding = 4; lastKnownFileType = sourcecode.c.h; path = "NSArray+MASShorthandAdditions.h"; sourceTree = "<group>"; };
		1E06E38B1DD304E70052EC5C /* NSLayoutConstraint+MASDebugAdditions.h */ = {isa = PBXFileReference; fileEncoding = 4; lastKnownFileType = sourcecode.c.h; path = "NSLayoutConstraint+MASDebugAdditions.h"; sourceTree = "<group>"; };
		1E06E38C1DD304E70052EC5C /* NSLayoutConstraint+MASDebugAdditions.m */ = {isa = PBXFileReference; fileEncoding = 4; lastKnownFileType = sourcecode.c.objc; path = "NSLayoutConstraint+MASDebugAdditions.m"; sourceTree = "<group>"; };
		1E06E38D1DD304E70052EC5C /* View+MASAdditions.h */ = {isa = PBXFileReference; fileEncoding = 4; lastKnownFileType = sourcecode.c.h; path = "View+MASAdditions.h"; sourceTree = "<group>"; };
		1E06E38E1DD304E70052EC5C /* View+MASAdditions.m */ = {isa = PBXFileReference; fileEncoding = 4; lastKnownFileType = sourcecode.c.objc; path = "View+MASAdditions.m"; sourceTree = "<group>"; };
		1E06E38F1DD304E70052EC5C /* View+MASShorthandAdditions.h */ = {isa = PBXFileReference; fileEncoding = 4; lastKnownFileType = sourcecode.c.h; path = "View+MASShorthandAdditions.h"; sourceTree = "<group>"; };
		1E06E3901DD304E70052EC5C /* ViewController+MASAdditions.h */ = {isa = PBXFileReference; fileEncoding = 4; lastKnownFileType = sourcecode.c.h; path = "ViewController+MASAdditions.h"; sourceTree = "<group>"; };
		1E06E3911DD304E70052EC5C /* ViewController+MASAdditions.m */ = {isa = PBXFileReference; fileEncoding = 4; lastKnownFileType = sourcecode.c.objc; path = "ViewController+MASAdditions.m"; sourceTree = "<group>"; };
		1E06E3921DD304E70052EC5C /* WZXConfig.h */ = {isa = PBXFileReference; fileEncoding = 4; lastKnownFileType = sourcecode.c.h; path = WZXConfig.h; sourceTree = "<group>"; };
		1E06E3A61DD304FC0052EC5C /* WZXTxtReaderBottomView.h */ = {isa = PBXFileReference; fileEncoding = 4; lastKnownFileType = sourcecode.c.h; path = WZXTxtReaderBottomView.h; sourceTree = "<group>"; };
		1E06E3A71DD304FC0052EC5C /* WZXTxtReaderBottomView.m */ = {isa = PBXFileReference; fileEncoding = 4; lastKnownFileType = sourcecode.c.objc; path = WZXTxtReaderBottomView.m; sourceTree = "<group>"; };
		1E06E3A81DD304FC0052EC5C /* WZXTxtReaderTopView.h */ = {isa = PBXFileReference; fileEncoding = 4; lastKnownFileType = sourcecode.c.h; path = WZXTxtReaderTopView.h; sourceTree = "<group>"; };
		1E06E3A91DD304FC0052EC5C /* WZXTxtReaderTopView.m */ = {isa = PBXFileReference; fileEncoding = 4; lastKnownFileType = sourcecode.c.objc; path = WZXTxtReaderTopView.m; sourceTree = "<group>"; };
		1E06E3AB1DD304FC0052EC5C /* WZXTxtPageViewController.h */ = {isa = PBXFileReference; fileEncoding = 4; lastKnownFileType = sourcecode.c.h; path = WZXTxtPageViewController.h; sourceTree = "<group>"; };
		1E06E3AC1DD304FC0052EC5C /* WZXTxtPageViewController.m */ = {isa = PBXFileReference; fileEncoding = 4; lastKnownFileType = sourcecode.c.objc; path = WZXTxtPageViewController.m; sourceTree = "<group>"; };
		1E06E3AD1DD304FC0052EC5C /* WZXTxtReaderViewController.h */ = {isa = PBXFileReference; fileEncoding = 4; lastKnownFileType = sourcecode.c.h; path = WZXTxtReaderViewController.h; sourceTree = "<group>"; };
		1E06E3AE1DD304FC0052EC5C /* WZXTxtReaderViewController.m */ = {isa = PBXFileReference; fileEncoding = 4; lastKnownFileType = sourcecode.c.objc; path = WZXTxtReaderViewController.m; sourceTree = "<group>"; };
		1E06E3AF1DD304FC0052EC5C /* WZXTxtViewController.h */ = {isa = PBXFileReference; fileEncoding = 4; lastKnownFileType = sourcecode.c.h; path = WZXTxtViewController.h; sourceTree = "<group>"; };
		1E06E3B01DD304FC0052EC5C /* WZXTxtViewController.m */ = {isa = PBXFileReference; fileEncoding = 4; lastKnownFileType = sourcecode.c.objc; path = WZXTxtViewController.m; sourceTree = "<group>"; };
		1E06E3B11DD304FC0052EC5C /* WZXTxtAnalyse.h */ = {isa = PBXFileReference; fileEncoding = 4; lastKnownFileType = sourcecode.c.h; path = WZXTxtAnalyse.h; sourceTree = "<group>"; };
		1E06E3B21DD304FC0052EC5C /* WZXTxtAnalyse.m */ = {isa = PBXFileReference; fileEncoding = 4; lastKnownFileType = sourcecode.c.objc; path = WZXTxtAnalyse.m; sourceTree = "<group>"; };
		1E06E3B91DD316640052EC5C /* WZXCatalogueViewController.h */ = {isa = PBXFileReference; fileEncoding = 4; lastKnownFileType = sourcecode.c.h; path = WZXCatalogueViewController.h; sourceTree = "<group>"; };
		1E06E3BA1DD316640052EC5C /* WZXCatalogueViewController.m */ = {isa = PBXFileReference; fileEncoding = 4; lastKnownFileType = sourcecode.c.objc; path = WZXCatalogueViewController.m; sourceTree = "<group>"; };
		1E06E3BC1DD3175E0052EC5C /* WZXTxtCatalogueCell.h */ = {isa = PBXFileReference; fileEncoding = 4; lastKnownFileType = sourcecode.c.h; path = WZXTxtCatalogueCell.h; sourceTree = "<group>"; };
		1E06E3BD1DD3175E0052EC5C /* WZXTxtCatalogueCell.m */ = {isa = PBXFileReference; fileEncoding = 4; lastKnownFileType = sourcecode.c.objc; path = WZXTxtCatalogueCell.m; sourceTree = "<group>"; };
		1E06E4011DD46C960052EC5C /* 30430.epub */ = {isa = PBXFileReference; lastKnownFileType = file; path = 30430.epub; sourceTree = "<group>"; };
		1E06E4021DD46C960052EC5C /* mdjyml.txt */ = {isa = PBXFileReference; fileEncoding = 4; lastKnownFileType = text; path = mdjyml.txt; sourceTree = "<group>"; };
		1E06E4031DD46C960052EC5C /* 将夜.txt */ = {isa = PBXFileReference; fileEncoding = 4; lastKnownFileType = text; path = "将夜.txt"; sourceTree = "<group>"; };
		1E06E4081DD470420052EC5C /* WZXNavigationView.h */ = {isa = PBXFileReference; fileEncoding = 4; lastKnownFileType = sourcecode.c.h; path = WZXNavigationView.h; sourceTree = "<group>"; };
		1E06E4091DD470420052EC5C /* WZXNavigationView.m */ = {isa = PBXFileReference; fileEncoding = 4; lastKnownFileType = sourcecode.c.objc; path = WZXNavigationView.m; sourceTree = "<group>"; };
		1E06E4471DD4983B0052EC5C /* VisHUD.h */ = {isa = PBXFileReference; fileEncoding = 4; lastKnownFileType = sourcecode.c.h; path = VisHUD.h; sourceTree = "<group>"; };
		1E06E4481DD4983B0052EC5C /* VisHUD.m */ = {isa = PBXFileReference; fileEncoding = 4; lastKnownFileType = sourcecode.c.objc; path = VisHUD.m; sourceTree = "<group>"; };
		1E06E47F1DD5C9C00052EC5C /* WZXTheme.h */ = {isa = PBXFileReference; fileEncoding = 4; lastKnownFileType = sourcecode.c.h; path = WZXTheme.h; sourceTree = "<group>"; };
		1E06E4801DD5C9C00052EC5C /* WZXTheme.m */ = {isa = PBXFileReference; fileEncoding = 4; lastKnownFileType = sourcecode.c.objc; path = WZXTheme.m; sourceTree = "<group>"; };
		1EDD43C11DD179D80012517E /* Example.app */ = {isa = PBXFileReference; explicitFileType = wrapper.application; includeInIndex = 0; path = Example.app; sourceTree = BUILT_PRODUCTS_DIR; };
		1EDD43DA1DD179D80012517E /* ExampleUITests.xctest */ = {isa = PBXFileReference; explicitFileType = wrapper.cfbundle; includeInIndex = 0; path = ExampleUITests.xctest; sourceTree = BUILT_PRODUCTS_DIR; };
		1EDD43DE1DD179D80012517E /* ExampleUITests.m */ = {isa = PBXFileReference; lastKnownFileType = sourcecode.c.objc; path = ExampleUITests.m; sourceTree = "<group>"; };
		1EDD43E01DD179D80012517E /* Info.plist */ = {isa = PBXFileReference; lastKnownFileType = text.plist.xml; path = Info.plist; sourceTree = "<group>"; };
/* End PBXFileReference section */

/* Begin PBXFrameworksBuildPhase section */
		1EDD43BE1DD179D80012517E /* Frameworks */ = {
			isa = PBXFrameworksBuildPhase;
			buildActionMask = 2147483647;
			files = (
			);
			runOnlyForDeploymentPostprocessing = 0;
		};
		1EDD43D71DD179D80012517E /* Frameworks */ = {
			isa = PBXFrameworksBuildPhase;
			buildActionMask = 2147483647;
			files = (
			);
			runOnlyForDeploymentPostprocessing = 0;
		};
/* End PBXFrameworksBuildPhase section */

/* Begin PBXGroup section */
		1E06E3671DD304E70052EC5C /* Example */ = {
			isa = PBXGroup;
			children = (
				1E06E4001DD46C960052EC5C /* Resource */,
				1E06E3681DD304E70052EC5C /* AppDelegate.h */,
				1E06E3691DD304E70052EC5C /* AppDelegate.m */,
				1E06E36A1DD304E70052EC5C /* Assets.xcassets */,
				1E06E36B1DD304E70052EC5C /* LaunchScreen.storyboard */,
				1E06E36D1DD304E70052EC5C /* Info.plist */,
				1E06E36E1DD304E70052EC5C /* main.m */,
				1E06E36F1DD304E70052EC5C /* pchFile.pch */,
				1E06E3721DD304E70052EC5C /* Sections */,
				1E06E3771DD304E70052EC5C /* Vendors */,
				1E06E3921DD304E70052EC5C /* WZXConfig.h */,
			);
			path = Example;
			sourceTree = "<group>";
		};
		1E06E3721DD304E70052EC5C /* Sections */ = {
			isa = PBXGroup;
			children = (
				1E06E3A41DD304FC0052EC5C /* WZXTxt */,
				1E06E3731DD304E70052EC5C /* Main */,
			);
			path = Sections;
			sourceTree = "<group>";
		};
		1E06E3731DD304E70052EC5C /* Main */ = {
			isa = PBXGroup;
			children = (
				1E06E4071DD4701B0052EC5C /* View */,
				1E06E3741DD304E70052EC5C /* ViewController */,
			);
			path = Main;
			sourceTree = "<group>";
		};
		1E06E3741DD304E70052EC5C /* ViewController */ = {
			isa = PBXGroup;
			children = (
				1E06E3751DD304E70052EC5C /* MainViewController.h */,
				1E06E3761DD304E70052EC5C /* MainViewController.m */,
			);
			path = ViewController;
			sourceTree = "<group>";
		};
		1E06E3771DD304E70052EC5C /* Vendors */ = {
			isa = PBXGroup;
			children = (
				1E06E4461DD4983B0052EC5C /* VisHUD */,
				1E06E3781DD304E70052EC5C /* Masonry */,
			);
			path = Vendors;
			sourceTree = "<group>";
		};
		1E06E3781DD304E70052EC5C /* Masonry */ = {
			isa = PBXGroup;
			children = (
				1E06E3791DD304E70052EC5C /* MASCompositeConstraint.h */,
				1E06E37A1DD304E70052EC5C /* MASCompositeConstraint.m */,
				1E06E37B1DD304E70052EC5C /* MASConstraint+Private.h */,
				1E06E37C1DD304E70052EC5C /* MASConstraint.h */,
				1E06E37D1DD304E70052EC5C /* MASConstraint.m */,
				1E06E37E1DD304E70052EC5C /* MASConstraintMaker.h */,
				1E06E37F1DD304E70052EC5C /* MASConstraintMaker.m */,
				1E06E3801DD304E70052EC5C /* MASLayoutConstraint.h */,
				1E06E3811DD304E70052EC5C /* MASLayoutConstraint.m */,
				1E06E3821DD304E70052EC5C /* Masonry.h */,
				1E06E3831DD304E70052EC5C /* MASUtilities.h */,
				1E06E3841DD304E70052EC5C /* MASViewAttribute.h */,
				1E06E3851DD304E70052EC5C /* MASViewAttribute.m */,
				1E06E3861DD304E70052EC5C /* MASViewConstraint.h */,
				1E06E3871DD304E70052EC5C /* MASViewConstraint.m */,
				1E06E3881DD304E70052EC5C /* NSArray+MASAdditions.h */,
				1E06E3891DD304E70052EC5C /* NSArray+MASAdditions.m */,
				1E06E38A1DD304E70052EC5C /* NSArray+MASShorthandAdditions.h */,
				1E06E38B1DD304E70052EC5C /* NSLayoutConstraint+MASDebugAdditions.h */,
				1E06E38C1DD304E70052EC5C /* NSLayoutConstraint+MASDebugAdditions.m */,
				1E06E38D1DD304E70052EC5C /* View+MASAdditions.h */,
				1E06E38E1DD304E70052EC5C /* View+MASAdditions.m */,
				1E06E38F1DD304E70052EC5C /* View+MASShorthandAdditions.h */,
				1E06E3901DD304E70052EC5C /* ViewController+MASAdditions.h */,
				1E06E3911DD304E70052EC5C /* ViewController+MASAdditions.m */,
			);
			path = Masonry;
			sourceTree = "<group>";
		};
		1E06E3A41DD304FC0052EC5C /* WZXTxt */ = {
			isa = PBXGroup;
			children = (
				1E06E3A51DD304FC0052EC5C /* View */,
				1E06E3AA1DD304FC0052EC5C /* ViewController */,
				1E06E3B11DD304FC0052EC5C /* WZXTxtAnalyse.h */,
				1E06E3B21DD304FC0052EC5C /* WZXTxtAnalyse.m */,
				1E06E47F1DD5C9C00052EC5C /* WZXTheme.h */,
				1E06E4801DD5C9C00052EC5C /* WZXTheme.m */,
			);
			path = WZXTxt;
			sourceTree = "<group>";
		};
		1E06E3A51DD304FC0052EC5C /* View */ = {
			isa = PBXGroup;
			children = (
				1E06E3A61DD304FC0052EC5C /* WZXTxtReaderBottomView.h */,
				1E06E3A71DD304FC0052EC5C /* WZXTxtReaderBottomView.m */,
				1E06E3A81DD304FC0052EC5C /* WZXTxtReaderTopView.h */,
				1E06E3A91DD304FC0052EC5C /* WZXTxtReaderTopView.m */,
				1E06E3BC1DD3175E0052EC5C /* WZXTxtCatalogueCell.h */,
				1E06E3BD1DD3175E0052EC5C /* WZXTxtCatalogueCell.m */,
			);
			path = View;
			sourceTree = "<group>";
		};
		1E06E3AA1DD304FC0052EC5C /* ViewController */ = {
			isa = PBXGroup;
			children = (
				1E06E3AD1DD304FC0052EC5C /* WZXTxtReaderViewController.h */,
				1E06E3AE1DD304FC0052EC5C /* WZXTxtReaderViewController.m */,
				1E06E3AB1DD304FC0052EC5C /* WZXTxtPageViewController.h */,
				1E06E3AC1DD304FC0052EC5C /* WZXTxtPageViewController.m */,
				1E06E3AF1DD304FC0052EC5C /* WZXTxtViewController.h */,
				1E06E3B01DD304FC0052EC5C /* WZXTxtViewController.m */,
				1E06E3B91DD316640052EC5C /* WZXCatalogueViewController.h */,
				1E06E3BA1DD316640052EC5C /* WZXCatalogueViewController.m */,
			);
			path = ViewController;
			sourceTree = "<group>";
		};
		1E06E4001DD46C960052EC5C /* Resource */ = {
			isa = PBXGroup;
			children = (
				1E06E4011DD46C960052EC5C /* 30430.epub */,
				1E06E4021DD46C960052EC5C /* mdjyml.txt */,
				1E06E4031DD46C960052EC5C /* 将夜.txt */,
			);
			path = Resource;
			sourceTree = "<group>";
		};
		1E06E4071DD4701B0052EC5C /* View */ = {
			isa = PBXGroup;
			children = (
				1E06E4081DD470420052EC5C /* WZXNavigationView.h */,
				1E06E4091DD470420052EC5C /* WZXNavigationView.m */,
			);
			path = View;
			sourceTree = "<group>";
		};
		1E06E4461DD4983B0052EC5C /* VisHUD */ = {
			isa = PBXGroup;
			children = (
				1E06E4471DD4983B0052EC5C /* VisHUD.h */,
				1E06E4481DD4983B0052EC5C /* VisHUD.m */,
			);
			path = VisHUD;
			sourceTree = "<group>";
		};
		1EDD43B81DD179D80012517E = {
			isa = PBXGroup;
			children = (
				1E06E3671DD304E70052EC5C /* Example */,
				1EDD43DD1DD179D80012517E /* ExampleUITests */,
				1EDD43C21DD179D80012517E /* Products */,
			);
			sourceTree = "<group>";
		};
		1EDD43C21DD179D80012517E /* Products */ = {
			isa = PBXGroup;
			children = (
				1EDD43C11DD179D80012517E /* Example.app */,
				1EDD43DA1DD179D80012517E /* ExampleUITests.xctest */,
			);
			name = Products;
			sourceTree = "<group>";
		};
		1EDD43DD1DD179D80012517E /* ExampleUITests */ = {
			isa = PBXGroup;
			children = (
				1EDD43DE1DD179D80012517E /* ExampleUITests.m */,
				1EDD43E01DD179D80012517E /* Info.plist */,
			);
			path = ExampleUITests;
			sourceTree = "<group>";
		};
/* End PBXGroup section */

/* Begin PBXNativeTarget section */
		1EDD43C01DD179D80012517E /* Example */ = {
			isa = PBXNativeTarget;
			buildConfigurationList = 1EDD43E31DD179D80012517E /* Build configuration list for PBXNativeTarget "Example" */;
			buildPhases = (
				1EDD43BD1DD179D80012517E /* Sources */,
				1EDD43BE1DD179D80012517E /* Frameworks */,
				1EDD43BF1DD179D80012517E /* Resources */,
			);
			buildRules = (
			);
			dependencies = (
			);
			name = Example;
			productName = Example;
			productReference = 1EDD43C11DD179D80012517E /* Example.app */;
			productType = "com.apple.product-type.application";
		};
		1EDD43D91DD179D80012517E /* ExampleUITests */ = {
			isa = PBXNativeTarget;
			buildConfigurationList = 1EDD43E61DD179D80012517E /* Build configuration list for PBXNativeTarget "ExampleUITests" */;
			buildPhases = (
				1EDD43D61DD179D80012517E /* Sources */,
				1EDD43D71DD179D80012517E /* Frameworks */,
				1EDD43D81DD179D80012517E /* Resources */,
			);
			buildRules = (
			);
			dependencies = (
				1EDD43DC1DD179D80012517E /* PBXTargetDependency */,
			);
			name = ExampleUITests;
			productName = ExampleUITests;
			productReference = 1EDD43DA1DD179D80012517E /* ExampleUITests.xctest */;
			productType = "com.apple.product-type.bundle.ui-testing";
		};
/* End PBXNativeTarget section */

/* Begin PBXProject section */
		1EDD43B91DD179D80012517E /* Project object */ = {
			isa = PBXProject;
			attributes = {
				LastUpgradeCheck = 0800;
				ORGANIZATIONNAME = WzxJiang;
				TargetAttributes = {
					1EDD43C01DD179D80012517E = {
						CreatedOnToolsVersion = 8.0;
						DevelopmentTeam = 475L2MZD72;
						ProvisioningStyle = Automatic;
					};
					1EDD43D91DD179D80012517E = {
						CreatedOnToolsVersion = 8.0;
						DevelopmentTeam = 475L2MZD72;
						ProvisioningStyle = Automatic;
						TestTargetID = 1EDD43C01DD179D80012517E;
					};
				};
			};
			buildConfigurationList = 1EDD43BC1DD179D80012517E /* Build configuration list for PBXProject "Example" */;
			compatibilityVersion = "Xcode 3.2";
			developmentRegion = English;
			hasScannedForEncodings = 0;
			knownRegions = (
				en,
				Base,
			);
			mainGroup = 1EDD43B81DD179D80012517E;
			productRefGroup = 1EDD43C21DD179D80012517E /* Products */;
			projectDirPath = "";
			projectRoot = "";
			targets = (
				1EDD43C01DD179D80012517E /* Example */,
				1EDD43D91DD179D80012517E /* ExampleUITests */,
			);
		};
/* End PBXProject section */

/* Begin PBXResourcesBuildPhase section */
		1EDD43BF1DD179D80012517E /* Resources */ = {
			isa = PBXResourcesBuildPhase;
			buildActionMask = 2147483647;
			files = (
				1E06E3941DD304E70052EC5C /* Assets.xcassets in Resources */,
				1E06E3951DD304E70052EC5C /* LaunchScreen.storyboard in Resources */,
				1E06E4061DD46C960052EC5C /* 将夜.txt in Resources */,
				1E06E4051DD46C960052EC5C /* mdjyml.txt in Resources */,
				1E06E4041DD46C960052EC5C /* 30430.epub in Resources */,
				1E06E3961DD304E70052EC5C /* Info.plist in Resources */,
			);
			runOnlyForDeploymentPostprocessing = 0;
		};
		1EDD43D81DD179D80012517E /* Resources */ = {
			isa = PBXResourcesBuildPhase;
			buildActionMask = 2147483647;
			files = (
			);
			runOnlyForDeploymentPostprocessing = 0;
		};
/* End PBXResourcesBuildPhase section */

/* Begin PBXSourcesBuildPhase section */
		1EDD43BD1DD179D80012517E /* Sources */ = {
			isa = PBXSourcesBuildPhase;
			buildActionMask = 2147483647;
			files = (
				1E06E3BE1DD3175E0052EC5C /* WZXTxtCatalogueCell.m in Sources */,
				1E06E3BB1DD316640052EC5C /* WZXCatalogueViewController.m in Sources */,
				1E06E3A11DD304E70052EC5C /* NSLayoutConstraint+MASDebugAdditions.m in Sources */,
				1E06E39F1DD304E70052EC5C /* MASViewConstraint.m in Sources */,
				1E06E3B81DD304FC0052EC5C /* WZXTxtAnalyse.m in Sources */,
				1E06E39A1DD304E70052EC5C /* MASCompositeConstraint.m in Sources */,
				1E06E3B71DD304FC0052EC5C /* WZXTxtViewController.m in Sources */,
				1E06E3A01DD304E70052EC5C /* NSArray+MASAdditions.m in Sources */,
				1E06E3971DD304E70052EC5C /* main.m in Sources */,
				1E06E3991DD304E70052EC5C /* MainViewController.m in Sources */,
				1E06E39D1DD304E70052EC5C /* MASLayoutConstraint.m in Sources */,
				1E06E4491DD4983B0052EC5C /* VisHUD.m in Sources */,
				1E06E3931DD304E70052EC5C /* AppDelegate.m in Sources */,
				1E06E40A1DD470420052EC5C /* WZXNavigationView.m in Sources */,
				1E06E3B41DD304FC0052EC5C /* WZXTxtReaderTopView.m in Sources */,
				1E06E3A31DD304E70052EC5C /* ViewController+MASAdditions.m in Sources */,
				1E06E3B61DD304FC0052EC5C /* WZXTxtReaderViewController.m in Sources */,
				1E06E4811DD5C9C00052EC5C /* WZXTheme.m in Sources */,
				1E06E3B51DD304FC0052EC5C /* WZXTxtPageViewController.m in Sources */,
				1E06E3A21DD304E70052EC5C /* View+MASAdditions.m in Sources */,
				1E06E39E1DD304E70052EC5C /* MASViewAttribute.m in Sources */,
				1E06E3B31DD304FC0052EC5C /* WZXTxtReaderBottomView.m in Sources */,
				1E06E39B1DD304E70052EC5C /* MASConstraint.m in Sources */,
				1E06E39C1DD304E70052EC5C /* MASConstraintMaker.m in Sources */,
			);
			runOnlyForDeploymentPostprocessing = 0;
		};
		1EDD43D61DD179D80012517E /* Sources */ = {
			isa = PBXSourcesBuildPhase;
			buildActionMask = 2147483647;
			files = (
				1EDD43DF1DD179D80012517E /* ExampleUITests.m in Sources */,
			);
			runOnlyForDeploymentPostprocessing = 0;
		};
/* End PBXSourcesBuildPhase section */

/* Begin PBXTargetDependency section */
		1EDD43DC1DD179D80012517E /* PBXTargetDependency */ = {
			isa = PBXTargetDependency;
			target = 1EDD43C01DD179D80012517E /* Example */;
			targetProxy = 1EDD43DB1DD179D80012517E /* PBXContainerItemProxy */;
		};
/* End PBXTargetDependency section */

/* Begin PBXVariantGroup section */
		1E06E36B1DD304E70052EC5C /* LaunchScreen.storyboard */ = {
			isa = PBXVariantGroup;
			children = (
				1E06E36C1DD304E70052EC5C /* Base */,
			);
			name = LaunchScreen.storyboard;
			sourceTree = "<group>";
		};
/* End PBXVariantGroup section */

/* Begin XCBuildConfiguration section */
		1EDD43E11DD179D80012517E /* Debug */ = {
			isa = XCBuildConfiguration;
			buildSettings = {
				ALWAYS_SEARCH_USER_PATHS = NO;
				CLANG_ANALYZER_NONNULL = YES;
				CLANG_CXX_LANGUAGE_STANDARD = "gnu++0x";
				CLANG_CXX_LIBRARY = "libc++";
				CLANG_ENABLE_MODULES = YES;
				CLANG_ENABLE_OBJC_ARC = YES;
				CLANG_WARN_BOOL_CONVERSION = YES;
				CLANG_WARN_CONSTANT_CONVERSION = YES;
				CLANG_WARN_DIRECT_OBJC_ISA_USAGE = YES_ERROR;
				CLANG_WARN_DOCUMENTATION_COMMENTS = YES;
				CLANG_WARN_EMPTY_BODY = YES;
				CLANG_WARN_ENUM_CONVERSION = YES;
				CLANG_WARN_INFINITE_RECURSION = YES;
				CLANG_WARN_INT_CONVERSION = YES;
				CLANG_WARN_OBJC_ROOT_CLASS = YES_ERROR;
				CLANG_WARN_SUSPICIOUS_MOVES = YES;
				CLANG_WARN_UNREACHABLE_CODE = YES;
				CLANG_WARN__DUPLICATE_METHOD_MATCH = YES;
				"CODE_SIGN_IDENTITY[sdk=iphoneos*]" = "iPhone Developer";
				COPY_PHASE_STRIP = NO;
				DEBUG_INFORMATION_FORMAT = dwarf;
				ENABLE_STRICT_OBJC_MSGSEND = YES;
				ENABLE_TESTABILITY = YES;
				GCC_C_LANGUAGE_STANDARD = gnu99;
				GCC_DYNAMIC_NO_PIC = NO;
				GCC_NO_COMMON_BLOCKS = YES;
				GCC_OPTIMIZATION_LEVEL = 0;
				GCC_PREPROCESSOR_DEFINITIONS = (
					"DEBUG=1",
					"$(inherited)",
				);
				GCC_WARN_64_TO_32_BIT_CONVERSION = YES;
				GCC_WARN_ABOUT_RETURN_TYPE = YES_ERROR;
				GCC_WARN_UNDECLARED_SELECTOR = YES;
				GCC_WARN_UNINITIALIZED_AUTOS = YES_AGGRESSIVE;
				GCC_WARN_UNUSED_FUNCTION = YES;
				GCC_WARN_UNUSED_VARIABLE = YES;
				IPHONEOS_DEPLOYMENT_TARGET = 10.0;
				MTL_ENABLE_DEBUG_INFO = YES;
				ONLY_ACTIVE_ARCH = YES;
				SDKROOT = iphoneos;
			};
			name = Debug;
		};
		1EDD43E21DD179D80012517E /* Release */ = {
			isa = XCBuildConfiguration;
			buildSettings = {
				ALWAYS_SEARCH_USER_PATHS = NO;
				CLANG_ANALYZER_NONNULL = YES;
				CLANG_CXX_LANGUAGE_STANDARD = "gnu++0x";
				CLANG_CXX_LIBRARY = "libc++";
				CLANG_ENABLE_MODULES = YES;
				CLANG_ENABLE_OBJC_ARC = YES;
				CLANG_WARN_BOOL_CONVERSION = YES;
				CLANG_WARN_CONSTANT_CONVERSION = YES;
				CLANG_WARN_DIRECT_OBJC_ISA_USAGE = YES_ERROR;
				CLANG_WARN_DOCUMENTATION_COMMENTS = YES;
				CLANG_WARN_EMPTY_BODY = YES;
				CLANG_WARN_ENUM_CONVERSION = YES;
				CLANG_WARN_INFINITE_RECURSION = YES;
				CLANG_WARN_INT_CONVERSION = YES;
				CLANG_WARN_OBJC_ROOT_CLASS = YES_ERROR;
				CLANG_WARN_SUSPICIOUS_MOVES = YES;
				CLANG_WARN_UNREACHABLE_CODE = YES;
				CLANG_WARN__DUPLICATE_METHOD_MATCH = YES;
				"CODE_SIGN_IDENTITY[sdk=iphoneos*]" = "iPhone Developer";
				COPY_PHASE_STRIP = NO;
				DEBUG_INFORMATION_FORMAT = "dwarf-with-dsym";
				ENABLE_NS_ASSERTIONS = NO;
				ENABLE_STRICT_OBJC_MSGSEND = YES;
				GCC_C_LANGUAGE_STANDARD = gnu99;
				GCC_NO_COMMON_BLOCKS = YES;
				GCC_WARN_64_TO_32_BIT_CONVERSION = YES;
				GCC_WARN_ABOUT_RETURN_TYPE = YES_ERROR;
				GCC_WARN_UNDECLARED_SELECTOR = YES;
				GCC_WARN_UNINITIALIZED_AUTOS = YES_AGGRESSIVE;
				GCC_WARN_UNUSED_FUNCTION = YES;
				GCC_WARN_UNUSED_VARIABLE = YES;
				IPHONEOS_DEPLOYMENT_TARGET = 10.0;
				MTL_ENABLE_DEBUG_INFO = NO;
				SDKROOT = iphoneos;
				VALIDATE_PRODUCT = YES;
			};
			name = Release;
		};
		1EDD43E41DD179D80012517E /* Debug */ = {
			isa = XCBuildConfiguration;
			buildSettings = {
				ASSETCATALOG_COMPILER_APPICON_NAME = AppIcon;
				DEVELOPMENT_TEAM = 475L2MZD72;
				GCC_PREFIX_HEADER = "$(SRCROOT)/Example/pchFile.pch";
				INFOPLIST_FILE = Example/Info.plist;
				IPHONEOS_DEPLOYMENT_TARGET = 8.0;
				LD_RUNPATH_SEARCH_PATHS = "$(inherited) @executable_path/Frameworks";
				PRODUCT_BUNDLE_IDENTIFIER = com.wzxjiang.Example;
				PRODUCT_NAME = "$(TARGET_NAME)";
			};
			name = Debug;
		};
		1EDD43E51DD179D80012517E /* Release */ = {
			isa = XCBuildConfiguration;
			buildSettings = {
				ASSETCATALOG_COMPILER_APPICON_NAME = AppIcon;
				DEVELOPMENT_TEAM = 475L2MZD72;
				GCC_PREFIX_HEADER = "$(SRCROOT)/Example/pchFile.pch";
				INFOPLIST_FILE = Example/Info.plist;
				IPHONEOS_DEPLOYMENT_TARGET = 8.0;
				LD_RUNPATH_SEARCH_PATHS = "$(inherited) @executable_path/Frameworks";
				PRODUCT_BUNDLE_IDENTIFIER = com.wzxjiang.Example;
				PRODUCT_NAME = "$(TARGET_NAME)";
			};
			name = Release;
		};
		1EDD43E71DD179D80012517E /* Debug */ = {
			isa = XCBuildConfiguration;
			buildSettings = {
				DEVELOPMENT_TEAM = 475L2MZD72;
				INFOPLIST_FILE = ExampleUITests/Info.plist;
				LD_RUNPATH_SEARCH_PATHS = "$(inherited) @executable_path/Frameworks @loader_path/Frameworks";
				PRODUCT_BUNDLE_IDENTIFIER = com.wzxjiang.ExampleUITests;
				PRODUCT_NAME = "$(TARGET_NAME)";
				TEST_TARGET_NAME = Example;
			};
			name = Debug;
		};
		1EDD43E81DD179D80012517E /* Release */ = {
			isa = XCBuildConfiguration;
			buildSettings = {
				DEVELOPMENT_TEAM = 475L2MZD72;
				INFOPLIST_FILE = ExampleUITests/Info.plist;
				LD_RUNPATH_SEARCH_PATHS = "$(inherited) @executable_path/Frameworks @loader_path/Frameworks";
				PRODUCT_BUNDLE_IDENTIFIER = com.wzxjiang.ExampleUITests;
				PRODUCT_NAME = "$(TARGET_NAME)";
				TEST_TARGET_NAME = Example;
			};
			name = Release;
		};
/* End XCBuildConfiguration section */

/* Begin XCConfigurationList section */
		1EDD43BC1DD179D80012517E /* Build configuration list for PBXProject "Example" */ = {
			isa = XCConfigurationList;
			buildConfigurations = (
				1EDD43E11DD179D80012517E /* Debug */,
				1EDD43E21DD179D80012517E /* Release */,
			);
			defaultConfigurationIsVisible = 0;
			defaultConfigurationName = Release;
		};
		1EDD43E31DD179D80012517E /* Build configuration list for PBXNativeTarget "Example" */ = {
			isa = XCConfigurationList;
			buildConfigurations = (
				1EDD43E41DD179D80012517E /* Debug */,
				1EDD43E51DD179D80012517E /* Release */,
			);
			defaultConfigurationIsVisible = 0;
			defaultConfigurationName = Release;
		};
		1EDD43E61DD179D80012517E /* Build configuration list for PBXNativeTarget "ExampleUITests" */ = {
			isa = XCConfigurationList;
			buildConfigurations = (
				1EDD43E71DD179D80012517E /* Debug */,
				1EDD43E81DD179D80012517E /* Release */,
			);
			defaultConfigurationIsVisible = 0;
			defaultConfigurationName = Release;
		};
/* End XCConfigurationList section */
	};
	rootObject = 1EDD43B91DD179D80012517E /* Project object */;
}
